PODS:
  - AFNetworkActivityLogger (2.0.1):
    - AFNetworking (~> 2.0)
  - AFNetworking (2.2.0):
    - AFNetworking/NSURLConnection
    - AFNetworking/NSURLSession
    - AFNetworking/Reachability
    - AFNetworking/Security
    - AFNetworking/Serialization
    - AFNetworking/UIKit
  - AFNetworking/NSURLConnection (2.2.0):
    - AFNetworking/Reachability
    - AFNetworking/Security
    - AFNetworking/Serialization
  - AFNetworking/NSURLSession (2.2.0):
    - AFNetworking/NSURLConnection
  - AFNetworking/Reachability (2.2.0)
  - AFNetworking/Security (2.2.0)
  - AFNetworking/Serialization (2.2.0)
  - AFNetworking/UIKit (2.2.0):
    - AFNetworking/NSURLConnection
    - AFNetworking/NSURLSession
  - Appsee (2.0.8)
  - FormatterKit (1.1.2):
    - FormatterKit/AddressFormatter
    - FormatterKit/ArrayFormatter
    - FormatterKit/LocationFormatter
    - FormatterKit/OrdinalNumberFormatter
    - FormatterKit/TimeIntervalFormatter
    - FormatterKit/UnitOfInformationFormatter
    - FormatterKit/URLRequestFormatter
  - FormatterKit/AddressFormatter (1.1.2)
  - FormatterKit/ArrayFormatter (1.1.2)
  - FormatterKit/LocationFormatter (1.1.2)
  - FormatterKit/OrdinalNumberFormatter (1.1.2)
  - FormatterKit/TimeIntervalFormatter (1.1.2)
  - FormatterKit/UnitOfInformationFormatter (1.1.2)
  - FormatterKit/URLRequestFormatter (1.1.2)
  - FRDLivelyButton (1.1.2)
  - KissXML (5.0)
  - Reveal-iOS-SDK (1.0.3)
  - SGNavigationProgress (1.2)
  - SGSStaggeredFlowLayout (0.0.1)
  - SVProgressHUD (1.0)
  - TMCache (1.2.0)
  - TUSafariActivity (1.0.0)

DEPENDENCIES:
  - AFNetworkActivityLogger
  - AFNetworking
  - Appsee (~> 2.0.8)
  - FormatterKit (~> 1.1.1)
  - FRDLivelyButton (~> 1.1.2)
  - KissXML
  - Reveal-iOS-SDK
  - SGNavigationProgress
  - SGSStaggeredFlowLayout (from `https://github.com/pj4533/SGSStaggeredFlowLayout`)
  - SVProgressHUD (~> 1.0)
  - TMCache
  - TUSafariActivity

EXTERNAL SOURCES:
  SGSStaggeredFlowLayout:
    :git: https://github.com/pj4533/SGSStaggeredFlowLayout

SPEC CHECKSUMS:
  AFNetworkActivityLogger: 01dde83938bf509742ad4c21f25d43a0fa019dd6
  AFNetworking: 5f2538aa2d150b71d4e6cca3a420d796e1e1c374
  Appsee: 80082e036888fbc7c81ddd2a14ce190553eee2f4
  FormatterKit: a7d9076e2923f272d098028f086822c329fcb410
  FRDLivelyButton: 717c6907bd6bb588f775a50580e216fe83abcade
  KissXML: e537c38b18ede903ee6de45953a9bd86c131ebe9
  Reveal-iOS-SDK: 5f69f357d5a18a2f13db71730bc6b7973a21cf3e
  SGNavigationProgress: 6c38006ca3c652618411c67d493b263343d5aece
  SGSStaggeredFlowLayout: a5c8fe0db07cbd440a6c12118633ed015622123a
  SVProgressHUD: 5034c6e22b8c2ca3e09402e48d41ed0340aa1c50
  TMCache: ea1c509badaf9a1245422aabf3c975b3277ab138
  TUSafariActivity: afff9b1d2eacf7cbace752c5f2bf56db852714de

COCOAPODS: 0.33.1
