PODS:
  - AFNetworking (1.2.0)
  - AFOAuth1Client (0.1.1):
    - AFNetworking (>= 0.9)
  - AFTumblrAPIClient (0.0.3):
    - AFOAuth1Client (>= 0.1.1)

DEPENDENCIES:
  - AFNetworking
  - AFTumblrAPIClient (~> 0.0.3)

SPEC CHECKSUMS:
  AFNetworking: 3cbae45f61a9f995cdbd56bd571223910d7f4e44
  AFOAuth1Client: 037044e341e897e0742920404f0c54ffd51dc776
  AFTumblrAPIClient: 20831738306ce58f85a7ae60c12db7f39fa6c93a

COCOAPODS: 0.18.0
