PODS:
  - AFNetworkActivityLogger (2.0.2):
    - AFNetworking/NSURLSession (~> 2.0)
  - AFNetworking (2.3.1):
    - AFNetworking/NSURLConnection (= 2.3.1)
    - AFNetworking/NSURLSession (= 2.3.1)
    - AFNetworking/Reachability (= 2.3.1)
    - AFNetworking/Security (= 2.3.1)
    - AFNetworking/Serialization (= 2.3.1)
    - AFNetworking/UIKit (= 2.3.1)
  - AFNetworking/NSURLConnection (2.3.1):
    - AFNetworking/Reachability
    - AFNetworking/Security
    - AFNetworking/Serialization
  - AFNetworking/NSURLSession (2.3.1):
    - AFNetworking/Reachability
    - AFNetworking/Security
    - AFNetworking/Serialization
  - AFNetworking/Reachability (2.3.1)
  - AFNetworking/Security (2.3.1)
  - AFNetworking/Serialization (2.3.1)
  - AFNetworking/UIKit (2.3.1):
    - AFNetworking/NSURLConnection
    - AFNetworking/NSURLSession
  - Crashlytics (3.4.1):
    - Fabric (~> 1.6.0)
  - Fabric (1.6.1)
  - FLAnimatedImage (1.0.10)
  - FormatterKit (1.1.2):
    - FormatterKit/AddressFormatter (= 1.1.2)
    - FormatterKit/ArrayFormatter (= 1.1.2)
    - FormatterKit/LocationFormatter (= 1.1.2)
    - FormatterKit/OrdinalNumberFormatter (= 1.1.2)
    - FormatterKit/TimeIntervalFormatter (= 1.1.2)
    - FormatterKit/UnitOfInformationFormatter (= 1.1.2)
    - FormatterKit/URLRequestFormatter (= 1.1.2)
  - FormatterKit/AddressFormatter (1.1.2)
  - FormatterKit/ArrayFormatter (1.1.2)
  - FormatterKit/LocationFormatter (1.1.2)
  - FormatterKit/OrdinalNumberFormatter (1.1.2)
  - FormatterKit/TimeIntervalFormatter (1.1.2)
  - FormatterKit/UnitOfInformationFormatter (1.1.2)
  - FormatterKit/URLRequestFormatter (1.1.2)
  - FRDLivelyButton (1.1.2)
  - KissXML (5.0)
  - SGNavigationProgress (1.2)
  - SVProgressHUD (2.0-beta)
  - TMCache (1.2.0)
  - TUSafariActivity (1.0.0)
  - UIImage-Categories (0.0.1)

DEPENDENCIES:
  - AFNetworkActivityLogger
  - AFNetworking
  - Crashlytics
  - Fabric
  - FLAnimatedImage (~> 1.0.10)
  - FormatterKit (~> 1.1.1)
  - FRDLivelyButton (~> 1.1.2)
  - KissXML
  - SGNavigationProgress
  - SVProgressHUD (~> 2.0-beta)
  - TMCache
  - TUSafariActivity
  - UIImage-Categories (~> 0.0)

SPEC CHECKSUMS:
  AFNetworkActivityLogger: 26a5f90d3f89d6a8b44f4eb535e8759b8e2b2c30
  AFNetworking: 05b9f6e3aa5ac45bc383b4bb108ef338080a26c7
  Crashlytics: 41574a245bc6ae10c55d57f385ebd2004e5bee05
  Fabric: bf0ceb04e7c924090efc5f8c55e4fbcca189e0a0
  FLAnimatedImage: e16a1e1cef08e4c509b47e4acbe3923f65c16135
  FormatterKit: a7a0d7959085085ce0f893ba8ff740967ee63d1d
  FRDLivelyButton: d3bc38e952611c85040bcea97b860603b2f5dcdf
  KissXML: ce643413d618ad69886d0d43c3792b7dedfe476e
  SGNavigationProgress: f04e3bd0058c53e1172ee020b5239f22aa9e4a0f
  SVProgressHUD: c83337f10ed32d701c423d519059a249973c8662
  TMCache: d51f182dfb7a29328cf5148ccad033415bb2b2e2
  TUSafariActivity: dd346df54a8f1cbb4fd05d504c76d47225fac99e
  UIImage-Categories: 5103b772ae91894f4d650eb696b006f4a2487ec3

COCOAPODS: 0.39.0
