// !$*UTF8*$!
{
	archiveVersion = 1;
	classes = {
	};
	objectVersion = 46;
	objects = {

/* Begin PBXBuildFile section */
		0A031F9E175136EC008CD564 /* UIImage+Preload.m in Sources */ = {isa = PBXBuildFile; fileRef = 0A031F9D175136EC008CD564 /* UIImage+Preload.m */; };
		0A05EF151745A79000814F0B /* OPBackend.m in Sources */ = {isa = PBXBuildFile; fileRef = 0A05EF141745A79000814F0B /* OPBackend.m */; };
		0A127BF6172D98FE00F6966A /* OPAppearance.m in Sources */ = {isa = PBXBuildFile; fileRef = 0A127BF5172D98FE00F6966A /* OPAppearance.m */; };
		0A190003190DA1AF00922EDD /* main.m in Sources */ = {isa = PBXBuildFile; fileRef = 0A609EC5171072BD0084735B /* main.m */; };
		0A190005190DA1AF00922EDD /* AFFlickrSessionManager.m in Sources */ = {isa = PBXBuildFile; fileRef = 0A49766B18D2A96B009DCAEE /* AFFlickrSessionManager.m */; };
		0A190006190DA1AF00922EDD /* AFDefaultBackendSessionManager.m in Sources */ = {isa = PBXBuildFile; fileRef = 0A9D169B18D4D631000DC0BE /* AFDefaultBackendSessionManager.m */; };
		0A190007190DA1AF00922EDD /* OPNavigationControllerDelegate.m in Sources */ = {isa = PBXBuildFile; fileRef = 0AF4CB2718DF779000B10441 /* OPNavigationControllerDelegate.m */; };
		0A190008190DA1AF00922EDD /* NSDictionary+DefObject.m in Sources */ = {isa = PBXBuildFile; fileRef = 0A36FA8618D49EAB00BCA5C1 /* NSDictionary+DefObject.m */; };
		0A190009190DA1AF00922EDD /* OPPopularProvider.m in Sources */ = {isa = PBXBuildFile; fileRef = 0A61319018D4AE0F00FFC2DB /* OPPopularProvider.m */; };
		0A19000A190DA1AF00922EDD /* OPAppDelegate.m in Sources */ = {isa = PBXBuildFile; fileRef = 0A609EC9171072BD0084735B /* OPAppDelegate.m */; };
		0A19000B190DA1AF00922EDD /* OPProviderCollectionViewController.m in Sources */ = {isa = PBXBuildFile; fileRef = 0A1DCDF118DDE720003F4418 /* OPProviderCollectionViewController.m */; };
		0A19000C190DA1AF00922EDD /* OPContentCell.m in Sources */ = {isa = PBXBuildFile; fileRef = 0A44CBE2171074EF00D7C1B6 /* OPContentCell.m */; };
		0A19000D190DA1AF00922EDD /* OPScrollView.m in Sources */ = {isa = PBXBuildFile; fileRef = 0A44CBE8171074EF00D7C1B6 /* OPScrollView.m */; };
		0A19000E190DA1AF00922EDD /* OPBackendDefault.m in Sources */ = {isa = PBXBuildFile; fileRef = 0A9D169818D4D37B000DC0BE /* OPBackendDefault.m */; };
		0A19000F190DA1AF00922EDD /* OPImageItem.m in Sources */ = {isa = PBXBuildFile; fileRef = 0A44CBEB171074EF00D7C1B6 /* OPImageItem.m */; };
		0A190010190DA1AF00922EDD /* OPProviderListViewController.m in Sources */ = {isa = PBXBuildFile; fileRef = 0A1DCDEE18DDE720003F4418 /* OPProviderListViewController.m */; };
		0A190011190DA1AF00922EDD /* OPCDLProvider.m in Sources */ = {isa = PBXBuildFile; fileRef = 0ADFD8C118D4A29900EB75F6 /* OPCDLProvider.m */; };
		0A190012190DA1AF00922EDD /* OPProvider.m in Sources */ = {isa = PBXBuildFile; fileRef = 0A1EF47E17108B5400AB8B62 /* OPProvider.m */; };
		0A190013190DA1AF00922EDD /* OPImageManager.m in Sources */ = {isa = PBXBuildFile; fileRef = 0A4A0CD218DA8CAD0002E8E8 /* OPImageManager.m */; };
		0A190014190DA1AF00922EDD /* OPImageCollectionViewController.m in Sources */ = {isa = PBXBuildFile; fileRef = 0A1DCDEC18DDE720003F4418 /* OPImageCollectionViewController.m */; };
		0A190015190DA1AF00922EDD /* OPTroveProvider.m in Sources */ = {isa = PBXBuildFile; fileRef = 0A49766618D2A745009DCAEE /* OPTroveProvider.m */; };
		0A190016190DA1AF00922EDD /* OPProviderController.m in Sources */ = {isa = PBXBuildFile; fileRef = 0A1EF48417108D6D00AB8B62 /* OPProviderController.m */; };
		0A190017190DA1AF00922EDD /* AFNYPLSessionManager.m in Sources */ = {isa = PBXBuildFile; fileRef = 0ABF9E3D171097E500C29E84 /* AFNYPLSessionManager.m */; };
		0A190018190DA1AF00922EDD /* OPNYPLProvider.m in Sources */ = {isa = PBXBuildFile; fileRef = 0ABF9E3F171097E500C29E84 /* OPNYPLProvider.m */; };
		0A190019190DA1AF00922EDD /* AFCDLSessionManager.m in Sources */ = {isa = PBXBuildFile; fileRef = 0ADFD8BF18D4A29900EB75F6 /* AFCDLSessionManager.m */; };
		0A19001A190DA1AF00922EDD /* AFLOCSessionManager.m in Sources */ = {isa = PBXBuildFile; fileRef = 0A49765D18D2A35F009DCAEE /* AFLOCSessionManager.m */; };
		0A19001B190DA1AF00922EDD /* AFEuropeanaSessionManager.m in Sources */ = {isa = PBXBuildFile; fileRef = 0A36FA8418D49EAB00BCA5C1 /* AFEuropeanaSessionManager.m */; };
		0A19001C190DA1AF00922EDD /* OPLOCProvider.m in Sources */ = {isa = PBXBuildFile; fileRef = 0A49765F18D2A35F009DCAEE /* OPLOCProvider.m */; };
		0A19001E190DA1AF00922EDD /* OPFavoritesProvider.m in Sources */ = {isa = PBXBuildFile; fileRef = 0A61319418D4AE2700FFC2DB /* OPFavoritesProvider.m */; };
		0A190020190DA1AF00922EDD /* OPDPLAProvider.m in Sources */ = {isa = PBXBuildFile; fileRef = 0A9BEEF518D2962300CF2C08 /* OPDPLAProvider.m */; };
		0A190021190DA1AF00922EDD /* AFDPLASessionManager.m in Sources */ = {isa = PBXBuildFile; fileRef = 0A9BEEF318D2962300CF2C08 /* AFDPLASessionManager.m */; };
		0A190023190DA1AF00922EDD /* AFTroveSessionManager.m in Sources */ = {isa = PBXBuildFile; fileRef = 0A49766418D2A745009DCAEE /* AFTroveSessionManager.m */; };
		0A190024190DA1AF00922EDD /* UIImageView+Hourglass.m in Sources */ = {isa = PBXBuildFile; fileRef = 0A4A0CCF18DA8A3B0002E8E8 /* UIImageView+Hourglass.m */; };
		0A190025190DA1AF00922EDD /* OPLIFEProvider.m in Sources */ = {isa = PBXBuildFile; fileRef = 0A49765918D2986C009DCAEE /* OPLIFEProvider.m */; };
		0A190026190DA1AF00922EDD /* OPFlickrCommonsProvider.m in Sources */ = {isa = PBXBuildFile; fileRef = 0A49766D18D2A96B009DCAEE /* OPFlickrCommonsProvider.m */; };
		0A190027190DA1AF00922EDD /* OPAppearance.m in Sources */ = {isa = PBXBuildFile; fileRef = 0A127BF5172D98FE00F6966A /* OPAppearance.m */; };
		0A190028190DA1AF00922EDD /* OPBackend.m in Sources */ = {isa = PBXBuildFile; fileRef = 0A05EF141745A79000814F0B /* OPBackend.m */; };
		0A190029190DA1AF00922EDD /* UIImage+Preload.m in Sources */ = {isa = PBXBuildFile; fileRef = 0A031F9D175136EC008CD564 /* UIImage+Preload.m */; };
		0A19002A190DA1AF00922EDD /* OPEuropeanaProvider.m in Sources */ = {isa = PBXBuildFile; fileRef = 0A36FA8818D49EAB00BCA5C1 /* OPEuropeanaProvider.m */; };
		0A19002B190DA1AF00922EDD /* NSString+MD5.m in Sources */ = {isa = PBXBuildFile; fileRef = 0ADFACA6175FEFDB00A35553 /* NSString+MD5.m */; };
		0A19002D190DA1AF00922EDD /* Social.framework in Frameworks */ = {isa = PBXBuildFile; fileRef = 0A8A81FC18CCBDEE001AED56 /* Social.framework */; };
		0A19002E190DA1AF00922EDD /* Twitter.framework in Frameworks */ = {isa = PBXBuildFile; fileRef = 0AF34E811745A5D40019DEE0 /* Twitter.framework */; };
		0A19002F190DA1AF00922EDD /* SystemConfiguration.framework in Frameworks */ = {isa = PBXBuildFile; fileRef = 0AF34E7F1745A5CB0019DEE0 /* SystemConfiguration.framework */; };
		0A190030190DA1AF00922EDD /* Security.framework in Frameworks */ = {isa = PBXBuildFile; fileRef = 0AF34E7D1745A5C00019DEE0 /* Security.framework */; };
		0A190031190DA1AF00922EDD /* MobileCoreServices.framework in Frameworks */ = {isa = PBXBuildFile; fileRef = 0AF34E7B1745A5B90019DEE0 /* MobileCoreServices.framework */; };
		0A190032190DA1AF00922EDD /* libz.dylib in Frameworks */ = {isa = PBXBuildFile; fileRef = 0AF34E791745A5B10019DEE0 /* libz.dylib */; };
		0A190033190DA1AF00922EDD /* libsqlite3.dylib in Frameworks */ = {isa = PBXBuildFile; fileRef = 0AF34E771745A5AA0019DEE0 /* libsqlite3.dylib */; };
		0A190034190DA1AF00922EDD /* CoreTelephony.framework in Frameworks */ = {isa = PBXBuildFile; fileRef = 0AF34E751745A5A20019DEE0 /* CoreTelephony.framework */; };
		0A190035190DA1AF00922EDD /* CoreLocation.framework in Frameworks */ = {isa = PBXBuildFile; fileRef = 0AF34E731745A59B0019DEE0 /* CoreLocation.framework */; };
		0A190036190DA1AF00922EDD /* CFNetwork.framework in Frameworks */ = {isa = PBXBuildFile; fileRef = 0AF34E711745A58F0019DEE0 /* CFNetwork.framework */; };
		0A190037190DA1AF00922EDD /* Crashlytics.framework in Frameworks */ = {isa = PBXBuildFile; fileRef = 0A445B0D190C05F300D31FC6 /* Crashlytics.framework */; };
		0A190038190DA1AF00922EDD /* Accounts.framework in Frameworks */ = {isa = PBXBuildFile; fileRef = 0AF34E6F1745A5780019DEE0 /* Accounts.framework */; };
		0A190039190DA1AF00922EDD /* UIKit.framework in Frameworks */ = {isa = PBXBuildFile; fileRef = 0A609EB9171072BD0084735B /* UIKit.framework */; };
		0A19003A190DA1AF00922EDD /* Foundation.framework in Frameworks */ = {isa = PBXBuildFile; fileRef = 0A609EBB171072BD0084735B /* Foundation.framework */; };
		0A19003B190DA1AF00922EDD /* CoreGraphics.framework in Frameworks */ = {isa = PBXBuildFile; fileRef = 0A609EBD171072BD0084735B /* CoreGraphics.framework */; };
		0A19003E190DA1AF00922EDD /* InfoPlist.strings in Resources */ = {isa = PBXBuildFile; fileRef = 0A609EC2171072BD0084735B /* InfoPlist.strings */; };
		0A190042190DA1AF00922EDD /* Images.xcassets in Resources */ = {isa = PBXBuildFile; fileRef = 0A25C00018D9251000123D04 /* Images.xcassets */; };
		0A190043190DA1AF00922EDD /* Main_ipad.storyboard in Resources */ = {isa = PBXBuildFile; fileRef = 0AF4CB2418DF5E2600B10441 /* Main_ipad.storyboard */; };
		0A190047190DA1AF00922EDD /* Main_iphone.storyboard in Resources */ = {isa = PBXBuildFile; fileRef = 0A1DCDE818DDE6F0003F4418 /* Main_iphone.storyboard */; };
		0A1DCDE918DDE6F0003F4418 /* Main_iphone.storyboard in Resources */ = {isa = PBXBuildFile; fileRef = 0A1DCDE818DDE6F0003F4418 /* Main_iphone.storyboard */; };
		0A1DCDF718DDE720003F4418 /* OPImageCollectionViewController.m in Sources */ = {isa = PBXBuildFile; fileRef = 0A1DCDEC18DDE720003F4418 /* OPImageCollectionViewController.m */; };
		0A1DCDF818DDE720003F4418 /* OPProviderListViewController.m in Sources */ = {isa = PBXBuildFile; fileRef = 0A1DCDEE18DDE720003F4418 /* OPProviderListViewController.m */; };
		0A1DCDFA18DDE720003F4418 /* OPProviderCollectionViewController.m in Sources */ = {isa = PBXBuildFile; fileRef = 0A1DCDF118DDE720003F4418 /* OPProviderCollectionViewController.m */; };
		0A1EF47F17108B5400AB8B62 /* OPProvider.m in Sources */ = {isa = PBXBuildFile; fileRef = 0A1EF47E17108B5400AB8B62 /* OPProvider.m */; };
		0A1EF48517108D6D00AB8B62 /* OPProviderController.m in Sources */ = {isa = PBXBuildFile; fileRef = 0A1EF48417108D6D00AB8B62 /* OPProviderController.m */; };
		0A25C00118D9251000123D04 /* Images.xcassets in Resources */ = {isa = PBXBuildFile; fileRef = 0A25C00018D9251000123D04 /* Images.xcassets */; };
		0A36FA8918D49EAB00BCA5C1 /* AFEuropeanaSessionManager.m in Sources */ = {isa = PBXBuildFile; fileRef = 0A36FA8418D49EAB00BCA5C1 /* AFEuropeanaSessionManager.m */; };
		0A36FA8A18D49EAB00BCA5C1 /* NSDictionary+DefObject.m in Sources */ = {isa = PBXBuildFile; fileRef = 0A36FA8618D49EAB00BCA5C1 /* NSDictionary+DefObject.m */; };
		0A36FA8B18D49EAB00BCA5C1 /* OPEuropeanaProvider.m in Sources */ = {isa = PBXBuildFile; fileRef = 0A36FA8818D49EAB00BCA5C1 /* OPEuropeanaProvider.m */; };
		0A445B0E190C05F300D31FC6 /* Crashlytics.framework in Frameworks */ = {isa = PBXBuildFile; fileRef = 0A445B0D190C05F300D31FC6 /* Crashlytics.framework */; };
		0A44CBFC171074EF00D7C1B6 /* OPContentCell.m in Sources */ = {isa = PBXBuildFile; fileRef = 0A44CBE2171074EF00D7C1B6 /* OPContentCell.m */; };
		0A44CBFF171074EF00D7C1B6 /* OPScrollView.m in Sources */ = {isa = PBXBuildFile; fileRef = 0A44CBE8171074EF00D7C1B6 /* OPScrollView.m */; };
		0A44CC00171074EF00D7C1B6 /* OPImageItem.m in Sources */ = {isa = PBXBuildFile; fileRef = 0A44CBEB171074EF00D7C1B6 /* OPImageItem.m */; };
		0A49765A18D2986C009DCAEE /* OPLIFEProvider.m in Sources */ = {isa = PBXBuildFile; fileRef = 0A49765918D2986C009DCAEE /* OPLIFEProvider.m */; };
		0A49766018D2A35F009DCAEE /* AFLOCSessionManager.m in Sources */ = {isa = PBXBuildFile; fileRef = 0A49765D18D2A35F009DCAEE /* AFLOCSessionManager.m */; };
		0A49766118D2A35F009DCAEE /* OPLOCProvider.m in Sources */ = {isa = PBXBuildFile; fileRef = 0A49765F18D2A35F009DCAEE /* OPLOCProvider.m */; };
		0A49766718D2A745009DCAEE /* AFTroveSessionManager.m in Sources */ = {isa = PBXBuildFile; fileRef = 0A49766418D2A745009DCAEE /* AFTroveSessionManager.m */; };
		0A49766818D2A745009DCAEE /* OPTroveProvider.m in Sources */ = {isa = PBXBuildFile; fileRef = 0A49766618D2A745009DCAEE /* OPTroveProvider.m */; };
		0A49766E18D2A96B009DCAEE /* AFFlickrSessionManager.m in Sources */ = {isa = PBXBuildFile; fileRef = 0A49766B18D2A96B009DCAEE /* AFFlickrSessionManager.m */; };
		0A49766F18D2A96B009DCAEE /* OPFlickrCommonsProvider.m in Sources */ = {isa = PBXBuildFile; fileRef = 0A49766D18D2A96B009DCAEE /* OPFlickrCommonsProvider.m */; };
		0A4A0CD018DA8A3B0002E8E8 /* UIImageView+Hourglass.m in Sources */ = {isa = PBXBuildFile; fileRef = 0A4A0CCF18DA8A3B0002E8E8 /* UIImageView+Hourglass.m */; };
		0A4A0CD318DA8CAD0002E8E8 /* OPImageManager.m in Sources */ = {isa = PBXBuildFile; fileRef = 0A4A0CD218DA8CAD0002E8E8 /* OPImageManager.m */; };
		0A609EBA171072BD0084735B /* UIKit.framework in Frameworks */ = {isa = PBXBuildFile; fileRef = 0A609EB9171072BD0084735B /* UIKit.framework */; };
		0A609EBC171072BD0084735B /* Foundation.framework in Frameworks */ = {isa = PBXBuildFile; fileRef = 0A609EBB171072BD0084735B /* Foundation.framework */; };
		0A609EBE171072BD0084735B /* CoreGraphics.framework in Frameworks */ = {isa = PBXBuildFile; fileRef = 0A609EBD171072BD0084735B /* CoreGraphics.framework */; };
		0A609EC4171072BD0084735B /* InfoPlist.strings in Resources */ = {isa = PBXBuildFile; fileRef = 0A609EC2171072BD0084735B /* InfoPlist.strings */; };
		0A609EC6171072BD0084735B /* main.m in Sources */ = {isa = PBXBuildFile; fileRef = 0A609EC5171072BD0084735B /* main.m */; };
		0A609ECA171072BD0084735B /* OPAppDelegate.m in Sources */ = {isa = PBXBuildFile; fileRef = 0A609EC9171072BD0084735B /* OPAppDelegate.m */; };
		0A61319118D4AE0F00FFC2DB /* OPPopularProvider.m in Sources */ = {isa = PBXBuildFile; fileRef = 0A61319018D4AE0F00FFC2DB /* OPPopularProvider.m */; };
		0A61319518D4AE2700FFC2DB /* OPFavoritesProvider.m in Sources */ = {isa = PBXBuildFile; fileRef = 0A61319418D4AE2700FFC2DB /* OPFavoritesProvider.m */; };
		0A8A81FD18CCBDEE001AED56 /* Social.framework in Frameworks */ = {isa = PBXBuildFile; fileRef = 0A8A81FC18CCBDEE001AED56 /* Social.framework */; };
		0A9BEEF618D2962300CF2C08 /* AFDPLASessionManager.m in Sources */ = {isa = PBXBuildFile; fileRef = 0A9BEEF318D2962300CF2C08 /* AFDPLASessionManager.m */; };
		0A9BEEF718D2962300CF2C08 /* OPDPLAProvider.m in Sources */ = {isa = PBXBuildFile; fileRef = 0A9BEEF518D2962300CF2C08 /* OPDPLAProvider.m */; };
		0A9D169918D4D37B000DC0BE /* OPBackendDefault.m in Sources */ = {isa = PBXBuildFile; fileRef = 0A9D169818D4D37B000DC0BE /* OPBackendDefault.m */; };
		0A9D169C18D4D631000DC0BE /* AFDefaultBackendSessionManager.m in Sources */ = {isa = PBXBuildFile; fileRef = 0A9D169B18D4D631000DC0BE /* AFDefaultBackendSessionManager.m */; };
		0AB6D4241916A39300CD59FC /* OPCollectionViewDataSource.m in Sources */ = {isa = PBXBuildFile; fileRef = 0AB6D4231916A39300CD59FC /* OPCollectionViewDataSource.m */; };
		0AB6D4251916A39300CD59FC /* OPCollectionViewDataSource.m in Sources */ = {isa = PBXBuildFile; fileRef = 0AB6D4231916A39300CD59FC /* OPCollectionViewDataSource.m */; };
		0ABF9E40171097E500C29E84 /* AFNYPLSessionManager.m in Sources */ = {isa = PBXBuildFile; fileRef = 0ABF9E3D171097E500C29E84 /* AFNYPLSessionManager.m */; };
		0ABF9E41171097E500C29E84 /* OPNYPLProvider.m in Sources */ = {isa = PBXBuildFile; fileRef = 0ABF9E3F171097E500C29E84 /* OPNYPLProvider.m */; };
		0ADFACA7175FEFDB00A35553 /* NSString+MD5.m in Sources */ = {isa = PBXBuildFile; fileRef = 0ADFACA6175FEFDB00A35553 /* NSString+MD5.m */; };
		0ADFD8C218D4A29900EB75F6 /* AFCDLSessionManager.m in Sources */ = {isa = PBXBuildFile; fileRef = 0ADFD8BF18D4A29900EB75F6 /* AFCDLSessionManager.m */; };
		0ADFD8C318D4A29900EB75F6 /* OPCDLProvider.m in Sources */ = {isa = PBXBuildFile; fileRef = 0ADFD8C118D4A29900EB75F6 /* OPCDLProvider.m */; };
		0AF34E701745A5780019DEE0 /* Accounts.framework in Frameworks */ = {isa = PBXBuildFile; fileRef = 0AF34E6F1745A5780019DEE0 /* Accounts.framework */; };
		0AF34E721745A58F0019DEE0 /* CFNetwork.framework in Frameworks */ = {isa = PBXBuildFile; fileRef = 0AF34E711745A58F0019DEE0 /* CFNetwork.framework */; };
		0AF34E741745A59B0019DEE0 /* CoreLocation.framework in Frameworks */ = {isa = PBXBuildFile; fileRef = 0AF34E731745A59B0019DEE0 /* CoreLocation.framework */; };
		0AF34E761745A5A20019DEE0 /* CoreTelephony.framework in Frameworks */ = {isa = PBXBuildFile; fileRef = 0AF34E751745A5A20019DEE0 /* CoreTelephony.framework */; };
		0AF34E781745A5AA0019DEE0 /* libsqlite3.dylib in Frameworks */ = {isa = PBXBuildFile; fileRef = 0AF34E771745A5AA0019DEE0 /* libsqlite3.dylib */; };
		0AF34E7A1745A5B10019DEE0 /* libz.dylib in Frameworks */ = {isa = PBXBuildFile; fileRef = 0AF34E791745A5B10019DEE0 /* libz.dylib */; };
		0AF34E7C1745A5B90019DEE0 /* MobileCoreServices.framework in Frameworks */ = {isa = PBXBuildFile; fileRef = 0AF34E7B1745A5B90019DEE0 /* MobileCoreServices.framework */; };
		0AF34E7E1745A5C00019DEE0 /* Security.framework in Frameworks */ = {isa = PBXBuildFile; fileRef = 0AF34E7D1745A5C00019DEE0 /* Security.framework */; };
		0AF34E801745A5CB0019DEE0 /* SystemConfiguration.framework in Frameworks */ = {isa = PBXBuildFile; fileRef = 0AF34E7F1745A5CB0019DEE0 /* SystemConfiguration.framework */; };
		0AF34E821745A5D40019DEE0 /* Twitter.framework in Frameworks */ = {isa = PBXBuildFile; fileRef = 0AF34E811745A5D40019DEE0 /* Twitter.framework */; };
		0AF4CB2518DF5E2600B10441 /* Main_ipad.storyboard in Resources */ = {isa = PBXBuildFile; fileRef = 0AF4CB2418DF5E2600B10441 /* Main_ipad.storyboard */; };
		0AF4CB2818DF779000B10441 /* OPNavigationControllerDelegate.m in Sources */ = {isa = PBXBuildFile; fileRef = 0AF4CB2718DF779000B10441 /* OPNavigationControllerDelegate.m */; };
		396F3F854DE14ED09163A40D /* libPods.a in Frameworks */ = {isa = PBXBuildFile; fileRef = 2ABE70FF37354750A3E9054B /* libPods.a */; };
		774678537CC9415FA25EEC98 /* libPods-OpenPicsReveal.a in Frameworks */ = {isa = PBXBuildFile; fileRef = 9346E9B4B1744301944A3BB9 /* libPods-OpenPicsReveal.a */; };
/* End PBXBuildFile section */

/* Begin PBXFileReference section */
		0A031F9C175136EC008CD564 /* UIImage+Preload.h */ = {isa = PBXFileReference; fileEncoding = 4; lastKnownFileType = sourcecode.c.h; path = "UIImage+Preload.h"; sourceTree = "<group>"; };
		0A031F9D175136EC008CD564 /* UIImage+Preload.m */ = {isa = PBXFileReference; fileEncoding = 4; lastKnownFileType = sourcecode.c.objc; path = "UIImage+Preload.m"; sourceTree = "<group>"; };
		0A05EF131745A79000814F0B /* OPBackend.h */ = {isa = PBXFileReference; fileEncoding = 4; lastKnownFileType = sourcecode.c.h; path = OPBackend.h; sourceTree = "<group>"; };
		0A05EF141745A79000814F0B /* OPBackend.m */ = {isa = PBXFileReference; fileEncoding = 4; lastKnownFileType = sourcecode.c.objc; path = OPBackend.m; sourceTree = "<group>"; };
		0A05EF221745A9D300814F0B /* OPBackendTokens.h */ = {isa = PBXFileReference; fileEncoding = 4; lastKnownFileType = sourcecode.c.h; path = OPBackendTokens.h; sourceTree = "<group>"; };
		0A127BF4172D98FE00F6966A /* OPAppearance.h */ = {isa = PBXFileReference; fileEncoding = 4; lastKnownFileType = sourcecode.c.h; path = OPAppearance.h; sourceTree = "<group>"; };
		0A127BF5172D98FE00F6966A /* OPAppearance.m */ = {isa = PBXFileReference; fileEncoding = 4; lastKnownFileType = sourcecode.c.objc; path = OPAppearance.m; sourceTree = "<group>"; };
		0A19004D190DA1AF00922EDD /* OpenPicsReveal.app */ = {isa = PBXFileReference; explicitFileType = wrapper.application; includeInIndex = 0; path = OpenPicsReveal.app; sourceTree = BUILT_PRODUCTS_DIR; };
		0A1DCDE818DDE6F0003F4418 /* Main_iphone.storyboard */ = {isa = PBXFileReference; fileEncoding = 4; lastKnownFileType = file.storyboard; path = Main_iphone.storyboard; sourceTree = "<group>"; };
		0A1DCDEB18DDE720003F4418 /* OPImageCollectionViewController.h */ = {isa = PBXFileReference; fileEncoding = 4; lastKnownFileType = sourcecode.c.h; path = OPImageCollectionViewController.h; sourceTree = "<group>"; };
		0A1DCDEC18DDE720003F4418 /* OPImageCollectionViewController.m */ = {isa = PBXFileReference; fileEncoding = 4; lastKnownFileType = sourcecode.c.objc; path = OPImageCollectionViewController.m; sourceTree = "<group>"; };
		0A1DCDED18DDE720003F4418 /* OPProviderListViewController.h */ = {isa = PBXFileReference; fileEncoding = 4; lastKnownFileType = sourcecode.c.h; path = OPProviderListViewController.h; sourceTree = "<group>"; };
		0A1DCDEE18DDE720003F4418 /* OPProviderListViewController.m */ = {isa = PBXFileReference; fileEncoding = 4; lastKnownFileType = sourcecode.c.objc; path = OPProviderListViewController.m; sourceTree = "<group>"; };
		0A1DCDF018DDE720003F4418 /* OPProviderCollectionViewController.h */ = {isa = PBXFileReference; fileEncoding = 4; lastKnownFileType = sourcecode.c.h; path = OPProviderCollectionViewController.h; sourceTree = "<group>"; };
		0A1DCDF118DDE720003F4418 /* OPProviderCollectionViewController.m */ = {isa = PBXFileReference; fileEncoding = 4; lastKnownFileType = sourcecode.c.objc; path = OPProviderCollectionViewController.m; sourceTree = "<group>"; };
		0A1EF47D17108B5400AB8B62 /* OPProvider.h */ = {isa = PBXFileReference; fileEncoding = 4; lastKnownFileType = sourcecode.c.h; path = OPProvider.h; sourceTree = "<group>"; };
		0A1EF47E17108B5400AB8B62 /* OPProvider.m */ = {isa = PBXFileReference; fileEncoding = 4; lastKnownFileType = sourcecode.c.objc; path = OPProvider.m; sourceTree = "<group>"; };
		0A1EF48317108D6D00AB8B62 /* OPProviderController.h */ = {isa = PBXFileReference; fileEncoding = 4; lastKnownFileType = sourcecode.c.h; path = OPProviderController.h; sourceTree = "<group>"; };
		0A1EF48417108D6D00AB8B62 /* OPProviderController.m */ = {isa = PBXFileReference; fileEncoding = 4; lastKnownFileType = sourcecode.c.objc; path = OPProviderController.m; sourceTree = "<group>"; };
		0A25C00018D9251000123D04 /* Images.xcassets */ = {isa = PBXFileReference; lastKnownFileType = folder.assetcatalog; path = Images.xcassets; sourceTree = "<group>"; };
		0A36FA8318D49EAB00BCA5C1 /* AFEuropeanaSessionManager.h */ = {isa = PBXFileReference; fileEncoding = 4; lastKnownFileType = sourcecode.c.h; path = AFEuropeanaSessionManager.h; sourceTree = "<group>"; };
		0A36FA8418D49EAB00BCA5C1 /* AFEuropeanaSessionManager.m */ = {isa = PBXFileReference; fileEncoding = 4; lastKnownFileType = sourcecode.c.objc; path = AFEuropeanaSessionManager.m; sourceTree = "<group>"; };
		0A36FA8518D49EAB00BCA5C1 /* NSDictionary+DefObject.h */ = {isa = PBXFileReference; fileEncoding = 4; lastKnownFileType = sourcecode.c.h; path = "NSDictionary+DefObject.h"; sourceTree = "<group>"; };
		0A36FA8618D49EAB00BCA5C1 /* NSDictionary+DefObject.m */ = {isa = PBXFileReference; fileEncoding = 4; lastKnownFileType = sourcecode.c.objc; path = "NSDictionary+DefObject.m"; sourceTree = "<group>"; };
		0A36FA8718D49EAB00BCA5C1 /* OPEuropeanaProvider.h */ = {isa = PBXFileReference; fileEncoding = 4; lastKnownFileType = sourcecode.c.h; path = OPEuropeanaProvider.h; sourceTree = "<group>"; };
		0A36FA8818D49EAB00BCA5C1 /* OPEuropeanaProvider.m */ = {isa = PBXFileReference; fileEncoding = 4; lastKnownFileType = sourcecode.c.objc; path = OPEuropeanaProvider.m; sourceTree = "<group>"; };
		0A445B0D190C05F300D31FC6 /* Crashlytics.framework */ = {isa = PBXFileReference; lastKnownFileType = wrapper.framework; path = Crashlytics.framework; sourceTree = "<group>"; };
		0A44CBE1171074EF00D7C1B6 /* OPContentCell.h */ = {isa = PBXFileReference; fileEncoding = 4; lastKnownFileType = sourcecode.c.h; path = OPContentCell.h; sourceTree = "<group>"; };
		0A44CBE2171074EF00D7C1B6 /* OPContentCell.m */ = {isa = PBXFileReference; fileEncoding = 4; lastKnownFileType = sourcecode.c.objc; path = OPContentCell.m; sourceTree = "<group>"; };
		0A44CBE7171074EF00D7C1B6 /* OPScrollView.h */ = {isa = PBXFileReference; fileEncoding = 4; lastKnownFileType = sourcecode.c.h; path = OPScrollView.h; sourceTree = "<group>"; };
		0A44CBE8171074EF00D7C1B6 /* OPScrollView.m */ = {isa = PBXFileReference; fileEncoding = 4; lastKnownFileType = sourcecode.c.objc; path = OPScrollView.m; sourceTree = "<group>"; };
		0A44CBEA171074EF00D7C1B6 /* OPImageItem.h */ = {isa = PBXFileReference; fileEncoding = 4; lastKnownFileType = sourcecode.c.h; path = OPImageItem.h; sourceTree = "<group>"; };
		0A44CBEB171074EF00D7C1B6 /* OPImageItem.m */ = {isa = PBXFileReference; fileEncoding = 4; lastKnownFileType = sourcecode.c.objc; path = OPImageItem.m; sourceTree = "<group>"; };
		0A49765818D2986C009DCAEE /* OPLIFEProvider.h */ = {isa = PBXFileReference; fileEncoding = 4; lastKnownFileType = sourcecode.c.h; path = OPLIFEProvider.h; sourceTree = "<group>"; };
		0A49765918D2986C009DCAEE /* OPLIFEProvider.m */ = {isa = PBXFileReference; fileEncoding = 4; lastKnownFileType = sourcecode.c.objc; path = OPLIFEProvider.m; sourceTree = "<group>"; };
		0A49765C18D2A35F009DCAEE /* AFLOCSessionManager.h */ = {isa = PBXFileReference; fileEncoding = 4; lastKnownFileType = sourcecode.c.h; path = AFLOCSessionManager.h; sourceTree = "<group>"; };
		0A49765D18D2A35F009DCAEE /* AFLOCSessionManager.m */ = {isa = PBXFileReference; fileEncoding = 4; lastKnownFileType = sourcecode.c.objc; path = AFLOCSessionManager.m; sourceTree = "<group>"; };
		0A49765E18D2A35F009DCAEE /* OPLOCProvider.h */ = {isa = PBXFileReference; fileEncoding = 4; lastKnownFileType = sourcecode.c.h; path = OPLOCProvider.h; sourceTree = "<group>"; };
		0A49765F18D2A35F009DCAEE /* OPLOCProvider.m */ = {isa = PBXFileReference; fileEncoding = 4; lastKnownFileType = sourcecode.c.objc; path = OPLOCProvider.m; sourceTree = "<group>"; };
		0A49766318D2A745009DCAEE /* AFTroveSessionManager.h */ = {isa = PBXFileReference; fileEncoding = 4; lastKnownFileType = sourcecode.c.h; path = AFTroveSessionManager.h; sourceTree = "<group>"; };
		0A49766418D2A745009DCAEE /* AFTroveSessionManager.m */ = {isa = PBXFileReference; fileEncoding = 4; lastKnownFileType = sourcecode.c.objc; path = AFTroveSessionManager.m; sourceTree = "<group>"; };
		0A49766518D2A745009DCAEE /* OPTroveProvider.h */ = {isa = PBXFileReference; fileEncoding = 4; lastKnownFileType = sourcecode.c.h; path = OPTroveProvider.h; sourceTree = "<group>"; };
		0A49766618D2A745009DCAEE /* OPTroveProvider.m */ = {isa = PBXFileReference; fileEncoding = 4; lastKnownFileType = sourcecode.c.objc; path = OPTroveProvider.m; sourceTree = "<group>"; };
		0A49766A18D2A96B009DCAEE /* AFFlickrSessionManager.h */ = {isa = PBXFileReference; fileEncoding = 4; lastKnownFileType = sourcecode.c.h; path = AFFlickrSessionManager.h; sourceTree = "<group>"; };
		0A49766B18D2A96B009DCAEE /* AFFlickrSessionManager.m */ = {isa = PBXFileReference; fileEncoding = 4; lastKnownFileType = sourcecode.c.objc; path = AFFlickrSessionManager.m; sourceTree = "<group>"; };
		0A49766C18D2A96B009DCAEE /* OPFlickrCommonsProvider.h */ = {isa = PBXFileReference; fileEncoding = 4; lastKnownFileType = sourcecode.c.h; path = OPFlickrCommonsProvider.h; sourceTree = "<group>"; };
		0A49766D18D2A96B009DCAEE /* OPFlickrCommonsProvider.m */ = {isa = PBXFileReference; fileEncoding = 4; lastKnownFileType = sourcecode.c.objc; path = OPFlickrCommonsProvider.m; sourceTree = "<group>"; };
		0A4A0CCE18DA8A3B0002E8E8 /* UIImageView+Hourglass.h */ = {isa = PBXFileReference; fileEncoding = 4; lastKnownFileType = sourcecode.c.h; path = "UIImageView+Hourglass.h"; sourceTree = "<group>"; };
		0A4A0CCF18DA8A3B0002E8E8 /* UIImageView+Hourglass.m */ = {isa = PBXFileReference; fileEncoding = 4; lastKnownFileType = sourcecode.c.objc; path = "UIImageView+Hourglass.m"; sourceTree = "<group>"; };
		0A4A0CD118DA8CAD0002E8E8 /* OPImageManager.h */ = {isa = PBXFileReference; fileEncoding = 4; lastKnownFileType = sourcecode.c.h; path = OPImageManager.h; sourceTree = "<group>"; };
		0A4A0CD218DA8CAD0002E8E8 /* OPImageManager.m */ = {isa = PBXFileReference; fileEncoding = 4; lastKnownFileType = sourcecode.c.objc; path = OPImageManager.m; sourceTree = "<group>"; };
		0A4ADA27173B284000F08A86 /* OPAppTokens.h */ = {isa = PBXFileReference; fileEncoding = 4; lastKnownFileType = sourcecode.c.h; path = OPAppTokens.h; sourceTree = "<group>"; };
		0A609EB6171072BD0084735B /* OpenPics.app */ = {isa = PBXFileReference; explicitFileType = wrapper.application; includeInIndex = 0; path = OpenPics.app; sourceTree = BUILT_PRODUCTS_DIR; };
		0A609EB9171072BD0084735B /* UIKit.framework */ = {isa = PBXFileReference; lastKnownFileType = wrapper.framework; name = UIKit.framework; path = System/Library/Frameworks/UIKit.framework; sourceTree = SDKROOT; };
		0A609EBB171072BD0084735B /* Foundation.framework */ = {isa = PBXFileReference; lastKnownFileType = wrapper.framework; name = Foundation.framework; path = System/Library/Frameworks/Foundation.framework; sourceTree = SDKROOT; };
		0A609EBD171072BD0084735B /* CoreGraphics.framework */ = {isa = PBXFileReference; lastKnownFileType = wrapper.framework; name = CoreGraphics.framework; path = System/Library/Frameworks/CoreGraphics.framework; sourceTree = SDKROOT; };
		0A609EC1171072BD0084735B /* OpenPics-Info.plist */ = {isa = PBXFileReference; lastKnownFileType = text.plist.xml; path = "OpenPics-Info.plist"; sourceTree = "<group>"; };
		0A609EC3171072BD0084735B /* en */ = {isa = PBXFileReference; lastKnownFileType = text.plist.strings; name = en; path = en.lproj/InfoPlist.strings; sourceTree = "<group>"; };
		0A609EC5171072BD0084735B /* main.m */ = {isa = PBXFileReference; lastKnownFileType = sourcecode.c.objc; path = main.m; sourceTree = "<group>"; };
		0A609EC7171072BD0084735B /* OpenPics-Prefix.pch */ = {isa = PBXFileReference; lastKnownFileType = sourcecode.c.h; path = "OpenPics-Prefix.pch"; sourceTree = "<group>"; };
		0A609EC8171072BD0084735B /* OPAppDelegate.h */ = {isa = PBXFileReference; lastKnownFileType = sourcecode.c.h; path = OPAppDelegate.h; sourceTree = "<group>"; };
		0A609EC9171072BD0084735B /* OPAppDelegate.m */ = {isa = PBXFileReference; lastKnownFileType = sourcecode.c.objc; path = OPAppDelegate.m; sourceTree = "<group>"; };
		0A61318F18D4AE0F00FFC2DB /* OPPopularProvider.h */ = {isa = PBXFileReference; fileEncoding = 4; lastKnownFileType = sourcecode.c.h; path = OPPopularProvider.h; sourceTree = "<group>"; };
		0A61319018D4AE0F00FFC2DB /* OPPopularProvider.m */ = {isa = PBXFileReference; fileEncoding = 4; lastKnownFileType = sourcecode.c.objc; path = OPPopularProvider.m; sourceTree = "<group>"; };
		0A61319318D4AE2700FFC2DB /* OPFavoritesProvider.h */ = {isa = PBXFileReference; fileEncoding = 4; lastKnownFileType = sourcecode.c.h; path = OPFavoritesProvider.h; sourceTree = "<group>"; };
		0A61319418D4AE2700FFC2DB /* OPFavoritesProvider.m */ = {isa = PBXFileReference; fileEncoding = 4; lastKnownFileType = sourcecode.c.objc; path = OPFavoritesProvider.m; sourceTree = "<group>"; };
		0A8A81FC18CCBDEE001AED56 /* Social.framework */ = {isa = PBXFileReference; lastKnownFileType = wrapper.framework; name = Social.framework; path = System/Library/Frameworks/Social.framework; sourceTree = SDKROOT; };
		0A9BEEF218D2962300CF2C08 /* AFDPLASessionManager.h */ = {isa = PBXFileReference; fileEncoding = 4; lastKnownFileType = sourcecode.c.h; path = AFDPLASessionManager.h; sourceTree = "<group>"; };
		0A9BEEF318D2962300CF2C08 /* AFDPLASessionManager.m */ = {isa = PBXFileReference; fileEncoding = 4; lastKnownFileType = sourcecode.c.objc; path = AFDPLASessionManager.m; sourceTree = "<group>"; };
		0A9BEEF418D2962300CF2C08 /* OPDPLAProvider.h */ = {isa = PBXFileReference; fileEncoding = 4; lastKnownFileType = sourcecode.c.h; path = OPDPLAProvider.h; sourceTree = "<group>"; };
		0A9BEEF518D2962300CF2C08 /* OPDPLAProvider.m */ = {isa = PBXFileReference; fileEncoding = 4; lastKnownFileType = sourcecode.c.objc; path = OPDPLAProvider.m; sourceTree = "<group>"; };
		0A9D169718D4D37B000DC0BE /* OPBackendDefault.h */ = {isa = PBXFileReference; fileEncoding = 4; lastKnownFileType = sourcecode.c.h; path = OPBackendDefault.h; sourceTree = "<group>"; };
		0A9D169818D4D37B000DC0BE /* OPBackendDefault.m */ = {isa = PBXFileReference; fileEncoding = 4; lastKnownFileType = sourcecode.c.objc; path = OPBackendDefault.m; sourceTree = "<group>"; };
		0A9D169A18D4D631000DC0BE /* AFDefaultBackendSessionManager.h */ = {isa = PBXFileReference; fileEncoding = 4; lastKnownFileType = sourcecode.c.h; path = AFDefaultBackendSessionManager.h; sourceTree = "<group>"; };
		0A9D169B18D4D631000DC0BE /* AFDefaultBackendSessionManager.m */ = {isa = PBXFileReference; fileEncoding = 4; lastKnownFileType = sourcecode.c.objc; path = AFDefaultBackendSessionManager.m; sourceTree = "<group>"; };
		0AB6D4221916A39300CD59FC /* OPCollectionViewDataSource.h */ = {isa = PBXFileReference; fileEncoding = 4; lastKnownFileType = sourcecode.c.h; path = OPCollectionViewDataSource.h; sourceTree = "<group>"; };
		0AB6D4231916A39300CD59FC /* OPCollectionViewDataSource.m */ = {isa = PBXFileReference; fileEncoding = 4; lastKnownFileType = sourcecode.c.objc; path = OPCollectionViewDataSource.m; sourceTree = "<group>"; };
		0ABF9E3A171097DC00C29E84 /* OPProviderTokens.h */ = {isa = PBXFileReference; fileEncoding = 4; lastKnownFileType = sourcecode.c.h; path = OPProviderTokens.h; sourceTree = "<group>"; };
		0ABF9E3C171097E500C29E84 /* AFNYPLSessionManager.h */ = {isa = PBXFileReference; fileEncoding = 4; lastKnownFileType = sourcecode.c.h; path = AFNYPLSessionManager.h; sourceTree = "<group>"; };
		0ABF9E3D171097E500C29E84 /* AFNYPLSessionManager.m */ = {isa = PBXFileReference; fileEncoding = 4; lastKnownFileType = sourcecode.c.objc; path = AFNYPLSessionManager.m; sourceTree = "<group>"; };
		0ABF9E3E171097E500C29E84 /* OPNYPLProvider.h */ = {isa = PBXFileReference; fileEncoding = 4; lastKnownFileType = sourcecode.c.h; path = OPNYPLProvider.h; sourceTree = "<group>"; };
		0ABF9E3F171097E500C29E84 /* OPNYPLProvider.m */ = {isa = PBXFileReference; fileEncoding = 4; lastKnownFileType = sourcecode.c.objc; path = OPNYPLProvider.m; sourceTree = "<group>"; };
		0ADFACA5175FEFDB00A35553 /* NSString+MD5.h */ = {isa = PBXFileReference; fileEncoding = 4; lastKnownFileType = sourcecode.c.h; path = "NSString+MD5.h"; sourceTree = "<group>"; };
		0ADFACA6175FEFDB00A35553 /* NSString+MD5.m */ = {isa = PBXFileReference; fileEncoding = 4; lastKnownFileType = sourcecode.c.objc; path = "NSString+MD5.m"; sourceTree = "<group>"; };
		0ADFD8BE18D4A29900EB75F6 /* AFCDLSessionManager.h */ = {isa = PBXFileReference; fileEncoding = 4; lastKnownFileType = sourcecode.c.h; path = AFCDLSessionManager.h; sourceTree = "<group>"; };
		0ADFD8BF18D4A29900EB75F6 /* AFCDLSessionManager.m */ = {isa = PBXFileReference; fileEncoding = 4; lastKnownFileType = sourcecode.c.objc; path = AFCDLSessionManager.m; sourceTree = "<group>"; };
		0ADFD8C018D4A29900EB75F6 /* OPCDLProvider.h */ = {isa = PBXFileReference; fileEncoding = 4; lastKnownFileType = sourcecode.c.h; path = OPCDLProvider.h; sourceTree = "<group>"; };
		0ADFD8C118D4A29900EB75F6 /* OPCDLProvider.m */ = {isa = PBXFileReference; fileEncoding = 4; lastKnownFileType = sourcecode.c.objc; path = OPCDLProvider.m; sourceTree = "<group>"; };
		0AF34E6F1745A5780019DEE0 /* Accounts.framework */ = {isa = PBXFileReference; lastKnownFileType = wrapper.framework; name = Accounts.framework; path = System/Library/Frameworks/Accounts.framework; sourceTree = SDKROOT; };
		0AF34E711745A58F0019DEE0 /* CFNetwork.framework */ = {isa = PBXFileReference; lastKnownFileType = wrapper.framework; name = CFNetwork.framework; path = System/Library/Frameworks/CFNetwork.framework; sourceTree = SDKROOT; };
		0AF34E731745A59B0019DEE0 /* CoreLocation.framework */ = {isa = PBXFileReference; lastKnownFileType = wrapper.framework; name = CoreLocation.framework; path = System/Library/Frameworks/CoreLocation.framework; sourceTree = SDKROOT; };
		0AF34E751745A5A20019DEE0 /* CoreTelephony.framework */ = {isa = PBXFileReference; lastKnownFileType = wrapper.framework; name = CoreTelephony.framework; path = System/Library/Frameworks/CoreTelephony.framework; sourceTree = SDKROOT; };
		0AF34E771745A5AA0019DEE0 /* libsqlite3.dylib */ = {isa = PBXFileReference; lastKnownFileType = "compiled.mach-o.dylib"; name = libsqlite3.dylib; path = usr/lib/libsqlite3.dylib; sourceTree = SDKROOT; };
		0AF34E791745A5B10019DEE0 /* libz.dylib */ = {isa = PBXFileReference; lastKnownFileType = "compiled.mach-o.dylib"; name = libz.dylib; path = usr/lib/libz.dylib; sourceTree = SDKROOT; };
		0AF34E7B1745A5B90019DEE0 /* MobileCoreServices.framework */ = {isa = PBXFileReference; lastKnownFileType = wrapper.framework; name = MobileCoreServices.framework; path = System/Library/Frameworks/MobileCoreServices.framework; sourceTree = SDKROOT; };
		0AF34E7D1745A5C00019DEE0 /* Security.framework */ = {isa = PBXFileReference; lastKnownFileType = wrapper.framework; name = Security.framework; path = System/Library/Frameworks/Security.framework; sourceTree = SDKROOT; };
		0AF34E7F1745A5CB0019DEE0 /* SystemConfiguration.framework */ = {isa = PBXFileReference; lastKnownFileType = wrapper.framework; name = SystemConfiguration.framework; path = System/Library/Frameworks/SystemConfiguration.framework; sourceTree = SDKROOT; };
		0AF34E811745A5D40019DEE0 /* Twitter.framework */ = {isa = PBXFileReference; lastKnownFileType = wrapper.framework; name = Twitter.framework; path = System/Library/Frameworks/Twitter.framework; sourceTree = SDKROOT; };
		0AF4CB2418DF5E2600B10441 /* Main_ipad.storyboard */ = {isa = PBXFileReference; fileEncoding = 4; lastKnownFileType = file.storyboard; path = Main_ipad.storyboard; sourceTree = "<group>"; };
		0AF4CB2618DF779000B10441 /* OPNavigationControllerDelegate.h */ = {isa = PBXFileReference; fileEncoding = 4; lastKnownFileType = sourcecode.c.h; path = OPNavigationControllerDelegate.h; sourceTree = "<group>"; };
		0AF4CB2718DF779000B10441 /* OPNavigationControllerDelegate.m */ = {isa = PBXFileReference; fileEncoding = 4; lastKnownFileType = sourcecode.c.objc; path = OPNavigationControllerDelegate.m; sourceTree = "<group>"; };
		20C8DD13B4014AECACC8B8EE /* Pods-OpenPicsReveal.xcconfig */ = {isa = PBXFileReference; includeInIndex = 1; lastKnownFileType = text.xcconfig; name = "Pods-OpenPicsReveal.xcconfig"; path = "Pods/Pods-OpenPicsReveal.xcconfig"; sourceTree = "<group>"; };
		2655F4B36C704F96B3CB86FC /* Pods.xcconfig */ = {isa = PBXFileReference; includeInIndex = 1; lastKnownFileType = text.xcconfig; name = Pods.xcconfig; path = Pods/Pods.xcconfig; sourceTree = SOURCE_ROOT; };
		2ABE70FF37354750A3E9054B /* libPods.a */ = {isa = PBXFileReference; explicitFileType = archive.ar; includeInIndex = 0; path = libPods.a; sourceTree = BUILT_PRODUCTS_DIR; };
		9346E9B4B1744301944A3BB9 /* libPods-OpenPicsReveal.a */ = {isa = PBXFileReference; explicitFileType = archive.ar; includeInIndex = 0; path = "libPods-OpenPicsReveal.a"; sourceTree = BUILT_PRODUCTS_DIR; };
/* End PBXFileReference section */

/* Begin PBXFrameworksBuildPhase section */
		0A19002C190DA1AF00922EDD /* Frameworks */ = {
			isa = PBXFrameworksBuildPhase;
			buildActionMask = 2147483647;
			files = (
				0A19002D190DA1AF00922EDD /* Social.framework in Frameworks */,
				0A19002E190DA1AF00922EDD /* Twitter.framework in Frameworks */,
				0A19002F190DA1AF00922EDD /* SystemConfiguration.framework in Frameworks */,
				0A190030190DA1AF00922EDD /* Security.framework in Frameworks */,
				0A190031190DA1AF00922EDD /* MobileCoreServices.framework in Frameworks */,
				0A190032190DA1AF00922EDD /* libz.dylib in Frameworks */,
				0A190033190DA1AF00922EDD /* libsqlite3.dylib in Frameworks */,
				0A190034190DA1AF00922EDD /* CoreTelephony.framework in Frameworks */,
				0A190035190DA1AF00922EDD /* CoreLocation.framework in Frameworks */,
				0A190036190DA1AF00922EDD /* CFNetwork.framework in Frameworks */,
				0A190037190DA1AF00922EDD /* Crashlytics.framework in Frameworks */,
				0A190038190DA1AF00922EDD /* Accounts.framework in Frameworks */,
				0A190039190DA1AF00922EDD /* UIKit.framework in Frameworks */,
				0A19003A190DA1AF00922EDD /* Foundation.framework in Frameworks */,
				0A19003B190DA1AF00922EDD /* CoreGraphics.framework in Frameworks */,
				774678537CC9415FA25EEC98 /* libPods-OpenPicsReveal.a in Frameworks */,
			);
			runOnlyForDeploymentPostprocessing = 0;
		};
		0A609EB3171072BD0084735B /* Frameworks */ = {
			isa = PBXFrameworksBuildPhase;
			buildActionMask = 2147483647;
			files = (
				0A8A81FD18CCBDEE001AED56 /* Social.framework in Frameworks */,
				0AF34E821745A5D40019DEE0 /* Twitter.framework in Frameworks */,
				0AF34E801745A5CB0019DEE0 /* SystemConfiguration.framework in Frameworks */,
				0AF34E7E1745A5C00019DEE0 /* Security.framework in Frameworks */,
				0AF34E7C1745A5B90019DEE0 /* MobileCoreServices.framework in Frameworks */,
				0AF34E7A1745A5B10019DEE0 /* libz.dylib in Frameworks */,
				0AF34E781745A5AA0019DEE0 /* libsqlite3.dylib in Frameworks */,
				0AF34E761745A5A20019DEE0 /* CoreTelephony.framework in Frameworks */,
				0AF34E741745A59B0019DEE0 /* CoreLocation.framework in Frameworks */,
				0AF34E721745A58F0019DEE0 /* CFNetwork.framework in Frameworks */,
				0A445B0E190C05F300D31FC6 /* Crashlytics.framework in Frameworks */,
				0AF34E701745A5780019DEE0 /* Accounts.framework in Frameworks */,
				0A609EBA171072BD0084735B /* UIKit.framework in Frameworks */,
				0A609EBC171072BD0084735B /* Foundation.framework in Frameworks */,
				0A609EBE171072BD0084735B /* CoreGraphics.framework in Frameworks */,
				396F3F854DE14ED09163A40D /* libPods.a in Frameworks */,
			);
			runOnlyForDeploymentPostprocessing = 0;
		};
/* End PBXFrameworksBuildPhase section */

/* Begin PBXGroup section */
		0A05EF121745A77400814F0B /* Backend */ = {
			isa = PBXGroup;
			children = (
				0A9D169618D4D365000DC0BE /* Default */,
				0A05EF131745A79000814F0B /* OPBackend.h */,
				0A05EF141745A79000814F0B /* OPBackend.m */,
				0A05EF221745A9D300814F0B /* OPBackendTokens.h */,
			);
			path = Backend;
			sourceTree = "<group>";
		};
		0A1DCDEA18DDE720003F4418 /* ViewControllers */ = {
			isa = PBXGroup;
			children = (
				0A1DCDEB18DDE720003F4418 /* OPImageCollectionViewController.h */,
				0A1DCDEC18DDE720003F4418 /* OPImageCollectionViewController.m */,
				0A1DCDF018DDE720003F4418 /* OPProviderCollectionViewController.h */,
				0A1DCDF118DDE720003F4418 /* OPProviderCollectionViewController.m */,
				0A1DCDED18DDE720003F4418 /* OPProviderListViewController.h */,
				0A1DCDEE18DDE720003F4418 /* OPProviderListViewController.m */,
				0AF4CB2618DF779000B10441 /* OPNavigationControllerDelegate.h */,
				0AF4CB2718DF779000B10441 /* OPNavigationControllerDelegate.m */,
				0AB6D4221916A39300CD59FC /* OPCollectionViewDataSource.h */,
				0AB6D4231916A39300CD59FC /* OPCollectionViewDataSource.m */,
			);
			path = ViewControllers;
			sourceTree = "<group>";
		};
		0A1EF47C17108B3A00AB8B62 /* Providers */ = {
			isa = PBXGroup;
			children = (
				0A61319218D4AE2700FFC2DB /* Favorites */,
				0A61318E18D4AE0F00FFC2DB /* Popular */,
				0ADFD8BD18D4A29900EB75F6 /* CDL */,
				0A36FA8218D49EAB00BCA5C1 /* Europeana */,
				0A49766918D2A96B009DCAEE /* FlickrCommons */,
				0A49766218D2A745009DCAEE /* Trove */,
				0A49765B18D2A35F009DCAEE /* LOC */,
				0A49765718D2986C009DCAEE /* LIFE */,
				0A9BEEF118D2962300CF2C08 /* DPLA */,
				0ABF9E3B171097E500C29E84 /* NYPL */,
				0ABF9E3A171097DC00C29E84 /* OPProviderTokens.h */,
				0A1EF47D17108B5400AB8B62 /* OPProvider.h */,
				0A1EF47E17108B5400AB8B62 /* OPProvider.m */,
				0A1EF48317108D6D00AB8B62 /* OPProviderController.h */,
				0A1EF48417108D6D00AB8B62 /* OPProviderController.m */,
			);
			path = Providers;
			sourceTree = "<group>";
		};
		0A36FA8218D49EAB00BCA5C1 /* Europeana */ = {
			isa = PBXGroup;
			children = (
				0A36FA8318D49EAB00BCA5C1 /* AFEuropeanaSessionManager.h */,
				0A36FA8418D49EAB00BCA5C1 /* AFEuropeanaSessionManager.m */,
				0A36FA8518D49EAB00BCA5C1 /* NSDictionary+DefObject.h */,
				0A36FA8618D49EAB00BCA5C1 /* NSDictionary+DefObject.m */,
				0A36FA8718D49EAB00BCA5C1 /* OPEuropeanaProvider.h */,
				0A36FA8818D49EAB00BCA5C1 /* OPEuropeanaProvider.m */,
			);
			path = Europeana;
			sourceTree = "<group>";
		};
		0A44CBDF171074EF00D7C1B6 /* Classes */ = {
			isa = PBXGroup;
			children = (
				0A1DCDEA18DDE720003F4418 /* ViewControllers */,
				0A05EF121745A77400814F0B /* Backend */,
				0A1EF47C17108B3A00AB8B62 /* Providers */,
				0A44CBE0171074EF00D7C1B6 /* Cells */,
				0A44CBE4171074EF00D7C1B6 /* Helpers */,
				0A44CBE9171074EF00D7C1B6 /* Model */,
			);
			path = Classes;
			sourceTree = "<group>";
		};
		0A44CBE0171074EF00D7C1B6 /* Cells */ = {
			isa = PBXGroup;
			children = (
				0A44CBE1171074EF00D7C1B6 /* OPContentCell.h */,
				0A44CBE2171074EF00D7C1B6 /* OPContentCell.m */,
			);
			path = Cells;
			sourceTree = "<group>";
		};
		0A44CBE4171074EF00D7C1B6 /* Helpers */ = {
			isa = PBXGroup;
			children = (
				0A44CBE7171074EF00D7C1B6 /* OPScrollView.h */,
				0A44CBE8171074EF00D7C1B6 /* OPScrollView.m */,
				0A127BF4172D98FE00F6966A /* OPAppearance.h */,
				0A127BF5172D98FE00F6966A /* OPAppearance.m */,
				0A031F9C175136EC008CD564 /* UIImage+Preload.h */,
				0A031F9D175136EC008CD564 /* UIImage+Preload.m */,
				0ADFACA5175FEFDB00A35553 /* NSString+MD5.h */,
				0ADFACA6175FEFDB00A35553 /* NSString+MD5.m */,
				0A4A0CCE18DA8A3B0002E8E8 /* UIImageView+Hourglass.h */,
				0A4A0CCF18DA8A3B0002E8E8 /* UIImageView+Hourglass.m */,
				0A4A0CD118DA8CAD0002E8E8 /* OPImageManager.h */,
				0A4A0CD218DA8CAD0002E8E8 /* OPImageManager.m */,
			);
			path = Helpers;
			sourceTree = "<group>";
		};
		0A44CBE9171074EF00D7C1B6 /* Model */ = {
			isa = PBXGroup;
			children = (
				0A44CBEA171074EF00D7C1B6 /* OPImageItem.h */,
				0A44CBEB171074EF00D7C1B6 /* OPImageItem.m */,
			);
			path = Model;
			sourceTree = "<group>";
		};
		0A49765718D2986C009DCAEE /* LIFE */ = {
			isa = PBXGroup;
			children = (
				0A49765818D2986C009DCAEE /* OPLIFEProvider.h */,
				0A49765918D2986C009DCAEE /* OPLIFEProvider.m */,
			);
			path = LIFE;
			sourceTree = "<group>";
		};
		0A49765B18D2A35F009DCAEE /* LOC */ = {
			isa = PBXGroup;
			children = (
				0A49765C18D2A35F009DCAEE /* AFLOCSessionManager.h */,
				0A49765D18D2A35F009DCAEE /* AFLOCSessionManager.m */,
				0A49765E18D2A35F009DCAEE /* OPLOCProvider.h */,
				0A49765F18D2A35F009DCAEE /* OPLOCProvider.m */,
			);
			path = LOC;
			sourceTree = "<group>";
		};
		0A49766218D2A745009DCAEE /* Trove */ = {
			isa = PBXGroup;
			children = (
				0A49766318D2A745009DCAEE /* AFTroveSessionManager.h */,
				0A49766418D2A745009DCAEE /* AFTroveSessionManager.m */,
				0A49766518D2A745009DCAEE /* OPTroveProvider.h */,
				0A49766618D2A745009DCAEE /* OPTroveProvider.m */,
			);
			path = Trove;
			sourceTree = "<group>";
		};
		0A49766918D2A96B009DCAEE /* FlickrCommons */ = {
			isa = PBXGroup;
			children = (
				0A49766A18D2A96B009DCAEE /* AFFlickrSessionManager.h */,
				0A49766B18D2A96B009DCAEE /* AFFlickrSessionManager.m */,
				0A49766C18D2A96B009DCAEE /* OPFlickrCommonsProvider.h */,
				0A49766D18D2A96B009DCAEE /* OPFlickrCommonsProvider.m */,
			);
			path = FlickrCommons;
			sourceTree = "<group>";
		};
		0A609EAD171072BD0084735B = {
			isa = PBXGroup;
			children = (
				0A609EBF171072BD0084735B /* OpenPics */,
				0A609EB8171072BD0084735B /* Frameworks */,
				0A609EB7171072BD0084735B /* Products */,
				2655F4B36C704F96B3CB86FC /* Pods.xcconfig */,
				20C8DD13B4014AECACC8B8EE /* Pods-OpenPicsReveal.xcconfig */,
			);
			sourceTree = "<group>";
		};
		0A609EB7171072BD0084735B /* Products */ = {
			isa = PBXGroup;
			children = (
				0A609EB6171072BD0084735B /* OpenPics.app */,
				0A19004D190DA1AF00922EDD /* OpenPicsReveal.app */,
			);
			name = Products;
			sourceTree = "<group>";
		};
		0A609EB8171072BD0084735B /* Frameworks */ = {
			isa = PBXGroup;
			children = (
				0A445B0D190C05F300D31FC6 /* Crashlytics.framework */,
				0A8A81FC18CCBDEE001AED56 /* Social.framework */,
				0AF34E811745A5D40019DEE0 /* Twitter.framework */,
				0AF34E7F1745A5CB0019DEE0 /* SystemConfiguration.framework */,
				0AF34E7D1745A5C00019DEE0 /* Security.framework */,
				0AF34E7B1745A5B90019DEE0 /* MobileCoreServices.framework */,
				0AF34E791745A5B10019DEE0 /* libz.dylib */,
				0AF34E771745A5AA0019DEE0 /* libsqlite3.dylib */,
				0AF34E751745A5A20019DEE0 /* CoreTelephony.framework */,
				0AF34E731745A59B0019DEE0 /* CoreLocation.framework */,
				0AF34E711745A58F0019DEE0 /* CFNetwork.framework */,
				0AF34E6F1745A5780019DEE0 /* Accounts.framework */,
				0A609EB9171072BD0084735B /* UIKit.framework */,
				0A609EBB171072BD0084735B /* Foundation.framework */,
				0A609EBD171072BD0084735B /* CoreGraphics.framework */,
				2ABE70FF37354750A3E9054B /* libPods.a */,
				9346E9B4B1744301944A3BB9 /* libPods-OpenPicsReveal.a */,
			);
			name = Frameworks;
			sourceTree = "<group>";
		};
		0A609EBF171072BD0084735B /* OpenPics */ = {
			isa = PBXGroup;
			children = (
				0A44CBDF171074EF00D7C1B6 /* Classes */,
				0A609EC8171072BD0084735B /* OPAppDelegate.h */,
				0A609EC9171072BD0084735B /* OPAppDelegate.m */,
				0A4ADA27173B284000F08A86 /* OPAppTokens.h */,
				0A1DCDE818DDE6F0003F4418 /* Main_iphone.storyboard */,
				0AF4CB2418DF5E2600B10441 /* Main_ipad.storyboard */,
				0A25C00018D9251000123D04 /* Images.xcassets */,
				0A609EC0171072BD0084735B /* Supporting Files */,
			);
			path = OpenPics;
			sourceTree = "<group>";
		};
		0A609EC0171072BD0084735B /* Supporting Files */ = {
			isa = PBXGroup;
			children = (
				0A609EC1171072BD0084735B /* OpenPics-Info.plist */,
				0A609EC2171072BD0084735B /* InfoPlist.strings */,
				0A609EC5171072BD0084735B /* main.m */,
				0A609EC7171072BD0084735B /* OpenPics-Prefix.pch */,
			);
			name = "Supporting Files";
			sourceTree = "<group>";
		};
		0A61318E18D4AE0F00FFC2DB /* Popular */ = {
			isa = PBXGroup;
			children = (
				0A61318F18D4AE0F00FFC2DB /* OPPopularProvider.h */,
				0A61319018D4AE0F00FFC2DB /* OPPopularProvider.m */,
			);
			path = Popular;
			sourceTree = "<group>";
		};
		0A61319218D4AE2700FFC2DB /* Favorites */ = {
			isa = PBXGroup;
			children = (
				0A61319318D4AE2700FFC2DB /* OPFavoritesProvider.h */,
				0A61319418D4AE2700FFC2DB /* OPFavoritesProvider.m */,
			);
			path = Favorites;
			sourceTree = "<group>";
		};
		0A9BEEF118D2962300CF2C08 /* DPLA */ = {
			isa = PBXGroup;
			children = (
				0A9BEEF218D2962300CF2C08 /* AFDPLASessionManager.h */,
				0A9BEEF318D2962300CF2C08 /* AFDPLASessionManager.m */,
				0A9BEEF418D2962300CF2C08 /* OPDPLAProvider.h */,
				0A9BEEF518D2962300CF2C08 /* OPDPLAProvider.m */,
			);
			path = DPLA;
			sourceTree = "<group>";
		};
		0A9D169618D4D365000DC0BE /* Default */ = {
			isa = PBXGroup;
			children = (
				0A9D169718D4D37B000DC0BE /* OPBackendDefault.h */,
				0A9D169818D4D37B000DC0BE /* OPBackendDefault.m */,
				0A9D169A18D4D631000DC0BE /* AFDefaultBackendSessionManager.h */,
				0A9D169B18D4D631000DC0BE /* AFDefaultBackendSessionManager.m */,
			);
			path = Default;
			sourceTree = "<group>";
		};
		0ABF9E3B171097E500C29E84 /* NYPL */ = {
			isa = PBXGroup;
			children = (
				0ABF9E3C171097E500C29E84 /* AFNYPLSessionManager.h */,
				0ABF9E3D171097E500C29E84 /* AFNYPLSessionManager.m */,
				0ABF9E3E171097E500C29E84 /* OPNYPLProvider.h */,
				0ABF9E3F171097E500C29E84 /* OPNYPLProvider.m */,
			);
			path = NYPL;
			sourceTree = "<group>";
		};
		0ADFD8BD18D4A29900EB75F6 /* CDL */ = {
			isa = PBXGroup;
			children = (
				0ADFD8BE18D4A29900EB75F6 /* AFCDLSessionManager.h */,
				0ADFD8BF18D4A29900EB75F6 /* AFCDLSessionManager.m */,
				0ADFD8C018D4A29900EB75F6 /* OPCDLProvider.h */,
				0ADFD8C118D4A29900EB75F6 /* OPCDLProvider.m */,
			);
			path = CDL;
			sourceTree = "<group>";
		};
/* End PBXGroup section */

/* Begin PBXNativeTarget section */
		0A190000190DA1AF00922EDD /* OpenPicsReveal */ = {
			isa = PBXNativeTarget;
			buildConfigurationList = 0A19004A190DA1AF00922EDD /* Build configuration list for PBXNativeTarget "OpenPicsReveal" */;
			buildPhases = (
				4BEF80E14BC64729B86FE25D /* Check Pods Manifest.lock */,
				0A190001190DA1AF00922EDD /* ShellScript */,
				0A190002190DA1AF00922EDD /* Sources */,
				0A19002C190DA1AF00922EDD /* Frameworks */,
				0A19003D190DA1AF00922EDD /* Resources */,
				0A190048190DA1AF00922EDD /* Copy Pods Resources */,
				0A190049190DA1AF00922EDD /* ShellScript */,
			);
			buildRules = (
			);
			dependencies = (
			);
			name = OpenPicsReveal;
			productName = OpenPics;
			productReference = 0A19004D190DA1AF00922EDD /* OpenPicsReveal.app */;
			productType = "com.apple.product-type.application";
		};
		0A609EB5171072BD0084735B /* OpenPics */ = {
			isa = PBXNativeTarget;
			buildConfigurationList = 0A609ED9171072BE0084735B /* Build configuration list for PBXNativeTarget "OpenPics" */;
			buildPhases = (
				0A5C19371711BB5D00979A7C /* ShellScript */,
				0A609EB2171072BD0084735B /* Sources */,
				0A609EB3171072BD0084735B /* Frameworks */,
				0A609EB4171072BD0084735B /* Resources */,
				811ED3184DA5491EA4541985 /* Copy Pods Resources */,
				0A445B0C190C05A300D31FC6 /* ShellScript */,
			);
			buildRules = (
			);
			dependencies = (
			);
			name = OpenPics;
			productName = OpenPics;
			productReference = 0A609EB6171072BD0084735B /* OpenPics.app */;
			productType = "com.apple.product-type.application";
		};
/* End PBXNativeTarget section */

/* Begin PBXProject section */
		0A609EAE171072BD0084735B /* Project object */ = {
			isa = PBXProject;
			attributes = {
				CLASSPREFIX = OP;
				LastUpgradeCheck = 0460;
				ORGANIZATIONNAME = "Say Goodnight Software";
			};
			buildConfigurationList = 0A609EB1171072BD0084735B /* Build configuration list for PBXProject "OpenPics" */;
			compatibilityVersion = "Xcode 3.2";
			developmentRegion = English;
			hasScannedForEncodings = 0;
			knownRegions = (
				en,
			);
			mainGroup = 0A609EAD171072BD0084735B;
			productRefGroup = 0A609EB7171072BD0084735B /* Products */;
			projectDirPath = "";
			projectRoot = "";
			targets = (
				0A609EB5171072BD0084735B /* OpenPics */,
				0A190000190DA1AF00922EDD /* OpenPicsReveal */,
			);
		};
/* End PBXProject section */

/* Begin PBXResourcesBuildPhase section */
		0A19003D190DA1AF00922EDD /* Resources */ = {
			isa = PBXResourcesBuildPhase;
			buildActionMask = 2147483647;
			files = (
				0A19003E190DA1AF00922EDD /* InfoPlist.strings in Resources */,
				0A190042190DA1AF00922EDD /* Images.xcassets in Resources */,
				0A190043190DA1AF00922EDD /* Main_ipad.storyboard in Resources */,
				0A190047190DA1AF00922EDD /* Main_iphone.storyboard in Resources */,
			);
			runOnlyForDeploymentPostprocessing = 0;
		};
		0A609EB4171072BD0084735B /* Resources */ = {
			isa = PBXResourcesBuildPhase;
			buildActionMask = 2147483647;
			files = (
				0A609EC4171072BD0084735B /* InfoPlist.strings in Resources */,
				0A25C00118D9251000123D04 /* Images.xcassets in Resources */,
				0AF4CB2518DF5E2600B10441 /* Main_ipad.storyboard in Resources */,
				0A1DCDE918DDE6F0003F4418 /* Main_iphone.storyboard in Resources */,
			);
			runOnlyForDeploymentPostprocessing = 0;
		};
/* End PBXResourcesBuildPhase section */

/* Begin PBXShellScriptBuildPhase section */
		0A190001190DA1AF00922EDD /* ShellScript */ = {
			isa = PBXShellScriptBuildPhase;
			buildActionMask = 2147483647;
			files = (
			);
			inputPaths = (
			);
			outputPaths = (
			);
			runOnlyForDeploymentPostprocessing = 0;
			shellPath = /bin/sh;
			shellScript = "touch OpenPics/Classes/Providers/OPProviderTokens.h\ntouch OpenPics/OPAppTokens.h\ntouch OpenPics/Classes/Backend/OPBackendTokens.h\ntouch crashlytics.sh\nchmod +x crashlytics.sh\n";
		};
		0A190048190DA1AF00922EDD /* Copy Pods Resources */ = {
			isa = PBXShellScriptBuildPhase;
			buildActionMask = 2147483647;
			files = (
			);
			inputPaths = (
			);
			name = "Copy Pods Resources";
			outputPaths = (
			);
			runOnlyForDeploymentPostprocessing = 0;
			shellPath = /bin/sh;
			shellScript = "\"${SRCROOT}/Pods/Pods-OpenPicsReveal-resources.sh\"\n";
			showEnvVarsInLog = 0;
		};
		0A190049190DA1AF00922EDD /* ShellScript */ = {
			isa = PBXShellScriptBuildPhase;
			buildActionMask = 2147483647;
			files = (
			);
			inputPaths = (
			);
			outputPaths = (
			);
			runOnlyForDeploymentPostprocessing = 0;
			shellPath = /bin/sh;
			shellScript = ./crashlytics.sh;
		};
		0A445B0C190C05A300D31FC6 /* ShellScript */ = {
			isa = PBXShellScriptBuildPhase;
			buildActionMask = 2147483647;
			files = (
			);
			inputPaths = (
			);
			outputPaths = (
			);
			runOnlyForDeploymentPostprocessing = 0;
			shellPath = /bin/sh;
			shellScript = ./crashlytics.sh;
		};
		0A5C19371711BB5D00979A7C /* ShellScript */ = {
			isa = PBXShellScriptBuildPhase;
			buildActionMask = 2147483647;
			files = (
			);
			inputPaths = (
			);
			outputPaths = (
			);
			runOnlyForDeploymentPostprocessing = 0;
			shellPath = /bin/sh;
			shellScript = "touch OpenPics/Classes/Providers/OPProviderTokens.h\ntouch OpenPics/OPAppTokens.h\ntouch OpenPics/Classes/Backend/OPBackendTokens.h\ntouch crashlytics.sh\nchmod +x crashlytics.sh\n";
		};
		4BEF80E14BC64729B86FE25D /* Check Pods Manifest.lock */ = {
			isa = PBXShellScriptBuildPhase;
			buildActionMask = 2147483647;
			files = (
			);
			inputPaths = (
			);
			name = "Check Pods Manifest.lock";
			outputPaths = (
			);
			runOnlyForDeploymentPostprocessing = 0;
			shellPath = /bin/sh;
			shellScript = "diff \"${PODS_ROOT}/../Podfile.lock\" \"${PODS_ROOT}/Manifest.lock\" > /dev/null\nif [[ $? != 0 ]] ; then\n    cat << EOM\nerror: The sandbox is not in sync with the Podfile.lock. Run 'pod install' or update your CocoaPods installation.\nEOM\n    exit 1\nfi\n";
			showEnvVarsInLog = 0;
		};
		811ED3184DA5491EA4541985 /* Copy Pods Resources */ = {
			isa = PBXShellScriptBuildPhase;
			buildActionMask = 2147483647;
			files = (
			);
			inputPaths = (
			);
			name = "Copy Pods Resources";
			outputPaths = (
			);
			runOnlyForDeploymentPostprocessing = 0;
			shellPath = /bin/sh;
			shellScript = "\"${SRCROOT}/Pods/Pods-resources.sh\"\n";
		};
/* End PBXShellScriptBuildPhase section */

/* Begin PBXSourcesBuildPhase section */
		0A190002190DA1AF00922EDD /* Sources */ = {
			isa = PBXSourcesBuildPhase;
			buildActionMask = 2147483647;
			files = (
				0A190003190DA1AF00922EDD /* main.m in Sources */,
				0A190005190DA1AF00922EDD /* AFFlickrSessionManager.m in Sources */,
				0A190006190DA1AF00922EDD /* AFDefaultBackendSessionManager.m in Sources */,
				0A190007190DA1AF00922EDD /* OPNavigationControllerDelegate.m in Sources */,
				0A190008190DA1AF00922EDD /* NSDictionary+DefObject.m in Sources */,
				0A190009190DA1AF00922EDD /* OPPopularProvider.m in Sources */,
				0A19000A190DA1AF00922EDD /* OPAppDelegate.m in Sources */,
				0A19000B190DA1AF00922EDD /* OPProviderCollectionViewController.m in Sources */,
				0A19000C190DA1AF00922EDD /* OPContentCell.m in Sources */,
				0A19000D190DA1AF00922EDD /* OPScrollView.m in Sources */,
				0A19000E190DA1AF00922EDD /* OPBackendDefault.m in Sources */,
				0A19000F190DA1AF00922EDD /* OPImageItem.m in Sources */,
				0A190010190DA1AF00922EDD /* OPProviderListViewController.m in Sources */,
				0A190011190DA1AF00922EDD /* OPCDLProvider.m in Sources */,
				0A190012190DA1AF00922EDD /* OPProvider.m in Sources */,
				0A190013190DA1AF00922EDD /* OPImageManager.m in Sources */,
				0A190014190DA1AF00922EDD /* OPImageCollectionViewController.m in Sources */,
				0A190015190DA1AF00922EDD /* OPTroveProvider.m in Sources */,
				0A190016190DA1AF00922EDD /* OPProviderController.m in Sources */,
				0A190017190DA1AF00922EDD /* AFNYPLSessionManager.m in Sources */,
				0A190018190DA1AF00922EDD /* OPNYPLProvider.m in Sources */,
				0A190019190DA1AF00922EDD /* AFCDLSessionManager.m in Sources */,
				0A19001A190DA1AF00922EDD /* AFLOCSessionManager.m in Sources */,
				0A19001B190DA1AF00922EDD /* AFEuropeanaSessionManager.m in Sources */,
				0A19001C190DA1AF00922EDD /* OPLOCProvider.m in Sources */,
				0A19001E190DA1AF00922EDD /* OPFavoritesProvider.m in Sources */,
				0A190020190DA1AF00922EDD /* OPDPLAProvider.m in Sources */,
				0A190021190DA1AF00922EDD /* AFDPLASessionManager.m in Sources */,
				0A190023190DA1AF00922EDD /* AFTroveSessionManager.m in Sources */,
				0A190024190DA1AF00922EDD /* UIImageView+Hourglass.m in Sources */,
				0A190025190DA1AF00922EDD /* OPLIFEProvider.m in Sources */,
				0A190026190DA1AF00922EDD /* OPFlickrCommonsProvider.m in Sources */,
				0A190027190DA1AF00922EDD /* OPAppearance.m in Sources */,
				0A190028190DA1AF00922EDD /* OPBackend.m in Sources */,
				0A190029190DA1AF00922EDD /* UIImage+Preload.m in Sources */,
				0A19002A190DA1AF00922EDD /* OPEuropeanaProvider.m in Sources */,
				0AB6D4251916A39300CD59FC /* OPCollectionViewDataSource.m in Sources */,
				0A19002B190DA1AF00922EDD /* NSString+MD5.m in Sources */,
			);
			runOnlyForDeploymentPostprocessing = 0;
		};
		0A609EB2171072BD0084735B /* Sources */ = {
			isa = PBXSourcesBuildPhase;
			buildActionMask = 2147483647;
			files = (
				0A609EC6171072BD0084735B /* main.m in Sources */,
				0A49766E18D2A96B009DCAEE /* AFFlickrSessionManager.m in Sources */,
				0A9D169C18D4D631000DC0BE /* AFDefaultBackendSessionManager.m in Sources */,
				0AF4CB2818DF779000B10441 /* OPNavigationControllerDelegate.m in Sources */,
				0A36FA8A18D49EAB00BCA5C1 /* NSDictionary+DefObject.m in Sources */,
				0A61319118D4AE0F00FFC2DB /* OPPopularProvider.m in Sources */,
				0A609ECA171072BD0084735B /* OPAppDelegate.m in Sources */,
				0A1DCDFA18DDE720003F4418 /* OPProviderCollectionViewController.m in Sources */,
				0A44CBFC171074EF00D7C1B6 /* OPContentCell.m in Sources */,
				0A44CBFF171074EF00D7C1B6 /* OPScrollView.m in Sources */,
				0A9D169918D4D37B000DC0BE /* OPBackendDefault.m in Sources */,
				0A44CC00171074EF00D7C1B6 /* OPImageItem.m in Sources */,
				0A1DCDF818DDE720003F4418 /* OPProviderListViewController.m in Sources */,
				0ADFD8C318D4A29900EB75F6 /* OPCDLProvider.m in Sources */,
				0A1EF47F17108B5400AB8B62 /* OPProvider.m in Sources */,
				0A4A0CD318DA8CAD0002E8E8 /* OPImageManager.m in Sources */,
				0A1DCDF718DDE720003F4418 /* OPImageCollectionViewController.m in Sources */,
				0A49766818D2A745009DCAEE /* OPTroveProvider.m in Sources */,
				0A1EF48517108D6D00AB8B62 /* OPProviderController.m in Sources */,
				0ABF9E40171097E500C29E84 /* AFNYPLSessionManager.m in Sources */,
				0ABF9E41171097E500C29E84 /* OPNYPLProvider.m in Sources */,
				0ADFD8C218D4A29900EB75F6 /* AFCDLSessionManager.m in Sources */,
				0A49766018D2A35F009DCAEE /* AFLOCSessionManager.m in Sources */,
				0A36FA8918D49EAB00BCA5C1 /* AFEuropeanaSessionManager.m in Sources */,
				0A49766118D2A35F009DCAEE /* OPLOCProvider.m in Sources */,
				0A61319518D4AE2700FFC2DB /* OPFavoritesProvider.m in Sources */,
				0A9BEEF718D2962300CF2C08 /* OPDPLAProvider.m in Sources */,
				0A9BEEF618D2962300CF2C08 /* AFDPLASessionManager.m in Sources */,
				0A49766718D2A745009DCAEE /* AFTroveSessionManager.m in Sources */,
				0A4A0CD018DA8A3B0002E8E8 /* UIImageView+Hourglass.m in Sources */,
				0A49765A18D2986C009DCAEE /* OPLIFEProvider.m in Sources */,
				0A49766F18D2A96B009DCAEE /* OPFlickrCommonsProvider.m in Sources */,
				0A127BF6172D98FE00F6966A /* OPAppearance.m in Sources */,
				0A05EF151745A79000814F0B /* OPBackend.m in Sources */,
				0A031F9E175136EC008CD564 /* UIImage+Preload.m in Sources */,
				0A36FA8B18D49EAB00BCA5C1 /* OPEuropeanaProvider.m in Sources */,
				0AB6D4241916A39300CD59FC /* OPCollectionViewDataSource.m in Sources */,
				0ADFACA7175FEFDB00A35553 /* NSString+MD5.m in Sources */,
			);
			runOnlyForDeploymentPostprocessing = 0;
		};
/* End PBXSourcesBuildPhase section */

/* Begin PBXVariantGroup section */
		0A609EC2171072BD0084735B /* InfoPlist.strings */ = {
			isa = PBXVariantGroup;
			children = (
				0A609EC3171072BD0084735B /* en */,
			);
			name = InfoPlist.strings;
			sourceTree = "<group>";
		};
/* End PBXVariantGroup section */

/* Begin XCBuildConfiguration section */
		0A19004B190DA1AF00922EDD /* Debug */ = {
			isa = XCBuildConfiguration;
			baseConfigurationReference = 20C8DD13B4014AECACC8B8EE /* Pods-OpenPicsReveal.xcconfig */;
			buildSettings = {
				ASSETCATALOG_COMPILER_APPICON_NAME = AppIcon;
				ASSETCATALOG_COMPILER_LAUNCHIMAGE_NAME = LaunchImage;
				CODE_SIGN_IDENTITY = "";
				"CODE_SIGN_IDENTITY[sdk=iphoneos*]" = "";
				FRAMEWORK_SEARCH_PATHS = (
					"$(inherited)",
					"$(SRCROOT)",
					"$(PROJECT_DIR)",
				);
				GCC_PRECOMPILE_PREFIX_HEADER = YES;
				GCC_PREFIX_HEADER = "OpenPics/OpenPics-Prefix.pch";
				INFOPLIST_FILE = "OpenPicsReveal-Info.plist";
				LIBRARY_SEARCH_PATHS = "$(inherited)";
				PRODUCT_NAME = OpenPicsReveal;
				PROVISIONING_PROFILE = "168810AC-96CC-41A5-ACE0-262ABCAC8C15";
				TARGETED_DEVICE_FAMILY = "1,2";
				WRAPPER_EXTENSION = app;
			};
			name = Debug;
		};
		0A19004C190DA1AF00922EDD /* Release */ = {
			isa = XCBuildConfiguration;
			baseConfigurationReference = 20C8DD13B4014AECACC8B8EE /* Pods-OpenPicsReveal.xcconfig */;
			buildSettings = {
				ASSETCATALOG_COMPILER_APPICON_NAME = AppIcon;
				ASSETCATALOG_COMPILER_LAUNCHIMAGE_NAME = LaunchImage;
				CODE_SIGN_IDENTITY = "";
				"CODE_SIGN_IDENTITY[sdk=iphoneos*]" = "";
				FRAMEWORK_SEARCH_PATHS = (
					"$(inherited)",
					"$(SRCROOT)",
					"$(PROJECT_DIR)",
				);
				GCC_PRECOMPILE_PREFIX_HEADER = YES;
				GCC_PREFIX_HEADER = "OpenPics/OpenPics-Prefix.pch";
				INFOPLIST_FILE = "OpenPicsReveal-Info.plist";
				LIBRARY_SEARCH_PATHS = "$(inherited)";
				PRODUCT_NAME = OpenPicsReveal;
				PROVISIONING_PROFILE = "168810AC-96CC-41A5-ACE0-262ABCAC8C15";
				TARGETED_DEVICE_FAMILY = "1,2";
				WRAPPER_EXTENSION = app;
			};
			name = Release;
		};
		0A609ED7171072BE0084735B /* Debug */ = {
			isa = XCBuildConfiguration;
			buildSettings = {
				ALWAYS_SEARCH_USER_PATHS = NO;
				CLANG_CXX_LANGUAGE_STANDARD = "gnu++0x";
				CLANG_CXX_LIBRARY = "libc++";
				CLANG_ENABLE_OBJC_ARC = YES;
				CLANG_WARN_CONSTANT_CONVERSION = YES;
				CLANG_WARN_EMPTY_BODY = YES;
				CLANG_WARN_ENUM_CONVERSION = YES;
				CLANG_WARN_INT_CONVERSION = YES;
				CLANG_WARN__DUPLICATE_METHOD_MATCH = YES;
				"CODE_SIGN_IDENTITY[sdk=iphoneos*]" = "";
				COPY_PHASE_STRIP = NO;
				GCC_C_LANGUAGE_STANDARD = gnu99;
				GCC_DYNAMIC_NO_PIC = NO;
				GCC_OPTIMIZATION_LEVEL = 0;
				GCC_PREPROCESSOR_DEFINITIONS = (
					"DEBUG=1",
					"$(inherited)",
				);
				GCC_SYMBOLS_PRIVATE_EXTERN = NO;
				GCC_WARN_ABOUT_RETURN_TYPE = YES;
				GCC_WARN_UNINITIALIZED_AUTOS = YES;
				GCC_WARN_UNUSED_VARIABLE = YES;
				IPHONEOS_DEPLOYMENT_TARGET = 7.0;
				ONLY_ACTIVE_ARCH = YES;
				PROVISIONING_PROFILE = "168810AC-96CC-41A5-ACE0-262ABCAC8C15";
				SDKROOT = iphoneos;
				TARGETED_DEVICE_FAMILY = 2;
			};
			name = Debug;
		};
		0A609ED8171072BE0084735B /* Release */ = {
			isa = XCBuildConfiguration;
			buildSettings = {
				ALWAYS_SEARCH_USER_PATHS = NO;
				CLANG_CXX_LANGUAGE_STANDARD = "gnu++0x";
				CLANG_CXX_LIBRARY = "libc++";
				CLANG_ENABLE_OBJC_ARC = YES;
				CLANG_WARN_CONSTANT_CONVERSION = YES;
				CLANG_WARN_EMPTY_BODY = YES;
				CLANG_WARN_ENUM_CONVERSION = YES;
				CLANG_WARN_INT_CONVERSION = YES;
				CLANG_WARN__DUPLICATE_METHOD_MATCH = YES;
				CODE_SIGN_IDENTITY = "";
				"CODE_SIGN_IDENTITY[sdk=iphoneos*]" = "iPhone Developer";
				COPY_PHASE_STRIP = YES;
				GCC_C_LANGUAGE_STANDARD = gnu99;
				GCC_WARN_ABOUT_RETURN_TYPE = YES;
				GCC_WARN_UNINITIALIZED_AUTOS = YES;
				GCC_WARN_UNUSED_VARIABLE = YES;
				IPHONEOS_DEPLOYMENT_TARGET = 7.0;
				OTHER_CFLAGS = "-DNS_BLOCK_ASSERTIONS=1";
				PROVISIONING_PROFILE = "168810AC-96CC-41A5-ACE0-262ABCAC8C15";
				"PROVISIONING_PROFILE[sdk=iphoneos*]" = "";
				SDKROOT = iphoneos;
				TARGETED_DEVICE_FAMILY = 2;
				VALIDATE_PRODUCT = YES;
			};
			name = Release;
		};
		0A609EDA171072BE0084735B /* Debug */ = {
			isa = XCBuildConfiguration;
			baseConfigurationReference = 2655F4B36C704F96B3CB86FC /* Pods.xcconfig */;
			buildSettings = {
				ASSETCATALOG_COMPILER_APPICON_NAME = AppIcon;
				ASSETCATALOG_COMPILER_LAUNCHIMAGE_NAME = LaunchImage;
				CODE_SIGN_IDENTITY = "";
				"CODE_SIGN_IDENTITY[sdk=iphoneos*]" = "";
				FRAMEWORK_SEARCH_PATHS = (
					"$(inherited)",
					"$(SRCROOT)",
					"$(PROJECT_DIR)",
				);
				GCC_PRECOMPILE_PREFIX_HEADER = YES;
				GCC_PREFIX_HEADER = "OpenPics/OpenPics-Prefix.pch";
				INFOPLIST_FILE = "OpenPics/OpenPics-Info.plist";
				LIBRARY_SEARCH_PATHS = "$(inherited)";
				PRODUCT_NAME = "$(TARGET_NAME)";
				PROVISIONING_PROFILE = "168810AC-96CC-41A5-ACE0-262ABCAC8C15";
				TARGETED_DEVICE_FAMILY = "1,2";
				WRAPPER_EXTENSION = app;
			};
			name = Debug;
		};
		0A609EDB171072BE0084735B /* Release */ = {
			isa = XCBuildConfiguration;
			baseConfigurationReference = 2655F4B36C704F96B3CB86FC /* Pods.xcconfig */;
			buildSettings = {
				ASSETCATALOG_COMPILER_APPICON_NAME = AppIcon;
				ASSETCATALOG_COMPILER_LAUNCHIMAGE_NAME = LaunchImage;
				CODE_SIGN_IDENTITY = "";
				"CODE_SIGN_IDENTITY[sdk=iphoneos*]" = "";
				FRAMEWORK_SEARCH_PATHS = (
					"$(inherited)",
					"$(SRCROOT)",
					"$(PROJECT_DIR)",
				);
				GCC_PRECOMPILE_PREFIX_HEADER = YES;
				GCC_PREFIX_HEADER = "OpenPics/OpenPics-Prefix.pch";
				INFOPLIST_FILE = "OpenPics/OpenPics-Info.plist";
				LIBRARY_SEARCH_PATHS = "$(inherited)";
				PRODUCT_NAME = "$(TARGET_NAME)";
				PROVISIONING_PROFILE = "168810AC-96CC-41A5-ACE0-262ABCAC8C15";
				TARGETED_DEVICE_FAMILY = "1,2";
				WRAPPER_EXTENSION = app;
			};
			name = Release;
		};
/* End XCBuildConfiguration section */

/* Begin XCConfigurationList section */
		0A19004A190DA1AF00922EDD /* Build configuration list for PBXNativeTarget "OpenPicsReveal" */ = {
			isa = XCConfigurationList;
			buildConfigurations = (
				0A19004B190DA1AF00922EDD /* Debug */,
				0A19004C190DA1AF00922EDD /* Release */,
			);
			defaultConfigurationIsVisible = 0;
			defaultConfigurationName = Release;
		};
		0A609EB1171072BD0084735B /* Build configuration list for PBXProject "OpenPics" */ = {
			isa = XCConfigurationList;
			buildConfigurations = (
				0A609ED7171072BE0084735B /* Debug */,
				0A609ED8171072BE0084735B /* Release */,
			);
			defaultConfigurationIsVisible = 0;
			defaultConfigurationName = Release;
		};
		0A609ED9171072BE0084735B /* Build configuration list for PBXNativeTarget "OpenPics" */ = {
			isa = XCConfigurationList;
			buildConfigurations = (
				0A609EDA171072BE0084735B /* Debug */,
				0A609EDB171072BE0084735B /* Release */,
			);
			defaultConfigurationIsVisible = 0;
			defaultConfigurationName = Release;
		};
/* End XCConfigurationList section */
	};
	rootObject = 0A609EAE171072BD0084735B /* Project object */;
}
